// !$*UTF8*$!
{
	archiveVersion = 1;
	classes = {
	};
	objectVersion = 51;
	objects = {

/* Begin PBXBuildFile section */
		A31842472721D69200786744 /* PasteboardManagerTests.swift in Sources */ = {isa = PBXBuildFile; fileRef = A31842462721D69200786744 /* PasteboardManagerTests.swift */; };
		A318424F2721DB5F00786744 /* Constants.swift in Sources */ = {isa = PBXBuildFile; fileRef = A318424E2721DB5F00786744 /* Constants.swift */; };
		A32C6549260C557300DC6653 /* AppDelegate.swift in Sources */ = {isa = PBXBuildFile; fileRef = A32C6548260C557300DC6653 /* AppDelegate.swift */; };
		A32C654D260C557300DC6653 /* PasswordsViewController.swift in Sources */ = {isa = PBXBuildFile; fileRef = A32C654C260C557300DC6653 /* PasswordsViewController.swift */; };
		A32C6552260C557700DC6653 /* Assets.xcassets in Resources */ = {isa = PBXBuildFile; fileRef = A32C6551260C557700DC6653 /* Assets.xcassets */; };
		A32C6555260C557700DC6653 /* LaunchScreen.storyboard in Resources */ = {isa = PBXBuildFile; fileRef = A32C6553260C557700DC6653 /* LaunchScreen.storyboard */; };
		A3C9AB46261F685200170B55 /* EnterPasswordViewController.swift in Sources */ = {isa = PBXBuildFile; fileRef = A3C9AB45261F685200170B55 /* EnterPasswordViewController.swift */; };
		A3C9AB482620680600170B55 /* CategorySelectorView.swift in Sources */ = {isa = PBXBuildFile; fileRef = A3C9AB472620680600170B55 /* CategorySelectorView.swift */; };
		A3CFA4C6279289740020F82F /* UIImage+Extensions.swift in Sources */ = {isa = PBXBuildFile; fileRef = A3CFA4C5279289740020F82F /* UIImage+Extensions.swift */; };
		A3CFA4C8279349370020F82F /* GroupsViewController.swift in Sources */ = {isa = PBXBuildFile; fileRef = A3CFA4C7279349370020F82F /* GroupsViewController.swift */; };
		A3CFA4CA2795F9650020F82F /* KeychainManager.swift in Sources */ = {isa = PBXBuildFile; fileRef = A3CFA4C92795F9650020F82F /* KeychainManager.swift */; };
		A3CFA4CF279B46840020F82F /* SlideTransitioningDelegate.swift in Sources */ = {isa = PBXBuildFile; fileRef = A3CFA4CE279B46830020F82F /* SlideTransitioningDelegate.swift */; };
		A3F3DA28260CA5FC0057AF24 /* PassItem.swift in Sources */ = {isa = PBXBuildFile; fileRef = A3F3DA27260CA5FC0057AF24 /* PassItem.swift */; };
		A3F3DA2A260CA8440057AF24 /* PassItem+KeePassKit.swift in Sources */ = {isa = PBXBuildFile; fileRef = A3F3DA29260CA8440057AF24 /* PassItem+KeePassKit.swift */; };
		A3F3DA34260DBEB60057AF24 /* PasteboardManager.swift in Sources */ = {isa = PBXBuildFile; fileRef = A3F3DA33260DBEB50057AF24 /* PasteboardManager.swift */; };
		A3F3DA36260DC1D10057AF24 /* PassDatabaseManager.swift in Sources */ = {isa = PBXBuildFile; fileRef = A3F3DA35260DC1D10057AF24 /* PassDatabaseManager.swift */; };
		A3F4959C261E22F700E4AA7E /* DatabasesProvider.swift in Sources */ = {isa = PBXBuildFile; fileRef = A3F4959B261E22F700E4AA7E /* DatabasesProvider.swift */; };
		A3F4959F261E242700E4AA7E /* DatabaseListViewController.swift in Sources */ = {isa = PBXBuildFile; fileRef = A3F4959E261E242700E4AA7E /* DatabaseListViewController.swift */; };
		AC4B5A89BE2359C8A81E7472 /* Pods_PasssTests.framework in Frameworks */ = {isa = PBXBuildFile; fileRef = 61C958F420CCDECE8DEC67FD /* Pods_PasssTests.framework */; };
		C36AB2D5AB40F2100342ABC8 /* Pods_Passs.framework in Frameworks */ = {isa = PBXBuildFile; fileRef = 096CD049FCD875D09982CB67 /* Pods_Passs.framework */; };
/* End PBXBuildFile section */

/* Begin PBXContainerItemProxy section */
		A31842492721D69200786744 /* PBXContainerItemProxy */ = {
			isa = PBXContainerItemProxy;
			containerPortal = A32C653D260C557200DC6653 /* Project object */;
			proxyType = 1;
			remoteGlobalIDString = A32C6544260C557200DC6653;
			remoteInfo = Passs;
		};
/* End PBXContainerItemProxy section */

/* Begin PBXCopyFilesBuildPhase section */
		A32C6577260C650700DC6653 /* Embed Frameworks */ = {
			isa = PBXCopyFilesBuildPhase;
			buildActionMask = 2147483647;
			dstPath = "";
			dstSubfolderSpec = 10;
			files = (
			);
			name = "Embed Frameworks";
			runOnlyForDeploymentPostprocessing = 0;
		};
/* End PBXCopyFilesBuildPhase section */

/* Begin PBXFileReference section */
		096CD049FCD875D09982CB67 /* Pods_Passs.framework */ = {isa = PBXFileReference; explicitFileType = wrapper.framework; includeInIndex = 0; path = Pods_Passs.framework; sourceTree = BUILT_PRODUCTS_DIR; };
		3DBED3956B7666EBE5677B9B /* Pods-PasssTests.release.xcconfig */ = {isa = PBXFileReference; includeInIndex = 1; lastKnownFileType = text.xcconfig; name = "Pods-PasssTests.release.xcconfig"; path = "Target Support Files/Pods-PasssTests/Pods-PasssTests.release.xcconfig"; sourceTree = "<group>"; };
		61C958F420CCDECE8DEC67FD /* Pods_PasssTests.framework */ = {isa = PBXFileReference; explicitFileType = wrapper.framework; includeInIndex = 0; path = Pods_PasssTests.framework; sourceTree = BUILT_PRODUCTS_DIR; };
		A1BE885742778874F9F7BB11 /* Pods-Passs.release.xcconfig */ = {isa = PBXFileReference; includeInIndex = 1; lastKnownFileType = text.xcconfig; name = "Pods-Passs.release.xcconfig"; path = "Target Support Files/Pods-Passs/Pods-Passs.release.xcconfig"; sourceTree = "<group>"; };
		A31842442721D69200786744 /* PasssTests.xctest */ = {isa = PBXFileReference; explicitFileType = wrapper.cfbundle; includeInIndex = 0; path = PasssTests.xctest; sourceTree = BUILT_PRODUCTS_DIR; };
		A31842462721D69200786744 /* PasteboardManagerTests.swift */ = {isa = PBXFileReference; lastKnownFileType = sourcecode.swift; path = PasteboardManagerTests.swift; sourceTree = "<group>"; };
		A31842482721D69200786744 /* Info.plist */ = {isa = PBXFileReference; lastKnownFileType = text.plist.xml; path = Info.plist; sourceTree = "<group>"; };
		A318424E2721DB5F00786744 /* Constants.swift */ = {isa = PBXFileReference; lastKnownFileType = sourcecode.swift; path = Constants.swift; sourceTree = "<group>"; };
		A32C6545260C557200DC6653 /* Passs.app */ = {isa = PBXFileReference; explicitFileType = wrapper.application; includeInIndex = 0; path = Passs.app; sourceTree = BUILT_PRODUCTS_DIR; };
		A32C6548260C557300DC6653 /* AppDelegate.swift */ = {isa = PBXFileReference; lastKnownFileType = sourcecode.swift; path = AppDelegate.swift; sourceTree = "<group>"; };
		A32C654C260C557300DC6653 /* PasswordsViewController.swift */ = {isa = PBXFileReference; lastKnownFileType = sourcecode.swift; path = PasswordsViewController.swift; sourceTree = "<group>"; };
		A32C6551260C557700DC6653 /* Assets.xcassets */ = {isa = PBXFileReference; lastKnownFileType = folder.assetcatalog; path = Assets.xcassets; sourceTree = "<group>"; };
		A32C6554260C557700DC6653 /* Base */ = {isa = PBXFileReference; lastKnownFileType = file.storyboard; name = Base; path = Base.lproj/LaunchScreen.storyboard; sourceTree = "<group>"; };
		A32C6556260C557700DC6653 /* Info.plist */ = {isa = PBXFileReference; lastKnownFileType = text.plist.xml; path = Info.plist; sourceTree = "<group>"; };
		A3C9AB45261F685200170B55 /* EnterPasswordViewController.swift */ = {isa = PBXFileReference; lastKnownFileType = sourcecode.swift; path = EnterPasswordViewController.swift; sourceTree = "<group>"; };
		A3C9AB472620680600170B55 /* CategorySelectorView.swift */ = {isa = PBXFileReference; lastKnownFileType = sourcecode.swift; path = CategorySelectorView.swift; sourceTree = "<group>"; };
		A3CFA4C5279289740020F82F /* UIImage+Extensions.swift */ = {isa = PBXFileReference; lastKnownFileType = sourcecode.swift; path = "UIImage+Extensions.swift"; sourceTree = "<group>"; };
		A3CFA4C7279349370020F82F /* GroupsViewController.swift */ = {isa = PBXFileReference; lastKnownFileType = sourcecode.swift; path = GroupsViewController.swift; sourceTree = "<group>"; };
		A3CFA4C92795F9650020F82F /* KeychainManager.swift */ = {isa = PBXFileReference; lastKnownFileType = sourcecode.swift; path = KeychainManager.swift; sourceTree = "<group>"; };
		A3CFA4CE279B46830020F82F /* SlideTransitioningDelegate.swift */ = {isa = PBXFileReference; lastKnownFileType = sourcecode.swift; path = SlideTransitioningDelegate.swift; sourceTree = "<group>"; };
		A3F3DA27260CA5FC0057AF24 /* PassItem.swift */ = {isa = PBXFileReference; lastKnownFileType = sourcecode.swift; path = PassItem.swift; sourceTree = "<group>"; };
		A3F3DA29260CA8440057AF24 /* PassItem+KeePassKit.swift */ = {isa = PBXFileReference; lastKnownFileType = sourcecode.swift; path = "PassItem+KeePassKit.swift"; sourceTree = "<group>"; };
		A3F3DA33260DBEB50057AF24 /* PasteboardManager.swift */ = {isa = PBXFileReference; lastKnownFileType = sourcecode.swift; path = PasteboardManager.swift; sourceTree = "<group>"; };
		A3F3DA35260DC1D10057AF24 /* PassDatabaseManager.swift */ = {isa = PBXFileReference; lastKnownFileType = sourcecode.swift; path = PassDatabaseManager.swift; sourceTree = "<group>"; };
		A3F4959B261E22F700E4AA7E /* DatabasesProvider.swift */ = {isa = PBXFileReference; lastKnownFileType = sourcecode.swift; path = DatabasesProvider.swift; sourceTree = "<group>"; };
		A3F4959E261E242700E4AA7E /* DatabaseListViewController.swift */ = {isa = PBXFileReference; lastKnownFileType = sourcecode.swift; path = DatabaseListViewController.swift; sourceTree = "<group>"; };
		BDD5B3A1CD787FB487C055B9 /* Pods-PasssTests.debug.xcconfig */ = {isa = PBXFileReference; includeInIndex = 1; lastKnownFileType = text.xcconfig; name = "Pods-PasssTests.debug.xcconfig"; path = "Target Support Files/Pods-PasssTests/Pods-PasssTests.debug.xcconfig"; sourceTree = "<group>"; };
		EBA44A656624B8CD1C05172E /* Pods-Passs.debug.xcconfig */ = {isa = PBXFileReference; includeInIndex = 1; lastKnownFileType = text.xcconfig; name = "Pods-Passs.debug.xcconfig"; path = "Target Support Files/Pods-Passs/Pods-Passs.debug.xcconfig"; sourceTree = "<group>"; };
/* End PBXFileReference section */

/* Begin PBXFrameworksBuildPhase section */
		A31842412721D69200786744 /* Frameworks */ = {
			isa = PBXFrameworksBuildPhase;
			buildActionMask = 2147483647;
			files = (
				AC4B5A89BE2359C8A81E7472 /* Pods_PasssTests.framework in Frameworks */,
			);
			runOnlyForDeploymentPostprocessing = 0;
		};
		A32C6542260C557200DC6653 /* Frameworks */ = {
			isa = PBXFrameworksBuildPhase;
			buildActionMask = 2147483647;
			files = (
				C36AB2D5AB40F2100342ABC8 /* Pods_Passs.framework in Frameworks */,
			);
			runOnlyForDeploymentPostprocessing = 0;
		};
/* End PBXFrameworksBuildPhase section */

/* Begin PBXGroup section */
		168E9655F2F473A54AE91AA6 /* Pods */ = {
			isa = PBXGroup;
			children = (
				EBA44A656624B8CD1C05172E /* Pods-Passs.debug.xcconfig */,
				A1BE885742778874F9F7BB11 /* Pods-Passs.release.xcconfig */,
				BDD5B3A1CD787FB487C055B9 /* Pods-PasssTests.debug.xcconfig */,
				3DBED3956B7666EBE5677B9B /* Pods-PasssTests.release.xcconfig */,
			);
			path = Pods;
			sourceTree = "<group>";
		};
		5FB1834A3E031CBCCDD4B639 /* Frameworks */ = {
			isa = PBXGroup;
			children = (
				096CD049FCD875D09982CB67 /* Pods_Passs.framework */,
				61C958F420CCDECE8DEC67FD /* Pods_PasssTests.framework */,
			);
			name = Frameworks;
			sourceTree = "<group>";
		};
		A31842452721D69200786744 /* PasssTests */ = {
			isa = PBXGroup;
			children = (
				A31842462721D69200786744 /* PasteboardManagerTests.swift */,
				A31842482721D69200786744 /* Info.plist */,
			);
			path = PasssTests;
			sourceTree = "<group>";
		};
		A32C653C260C557200DC6653 = {
			isa = PBXGroup;
			children = (
				A32C6547260C557200DC6653 /* Passs */,
				A31842452721D69200786744 /* PasssTests */,
				A32C6546260C557200DC6653 /* Products */,
				168E9655F2F473A54AE91AA6 /* Pods */,
				5FB1834A3E031CBCCDD4B639 /* Frameworks */,
			);
			sourceTree = "<group>";
		};
		A32C6546260C557200DC6653 /* Products */ = {
			isa = PBXGroup;
			children = (
				A32C6545260C557200DC6653 /* Passs.app */,
				A31842442721D69200786744 /* PasssTests.xctest */,
			);
			name = Products;
			sourceTree = "<group>";
		};
		A32C6547260C557200DC6653 /* Passs */ = {
			isa = PBXGroup;
			children = (
				A3CFA4C42792895B0020F82F /* Common */,
				A3F4959D261E241300E4AA7E /* Controller */,
				A3F3DA32260DBEAA0057AF24 /* Service */,
				A3F3DA26260CA5E00057AF24 /* Model */,
				A32C6548260C557300DC6653 /* AppDelegate.swift */,
				A32C6551260C557700DC6653 /* Assets.xcassets */,
				A32C6553260C557700DC6653 /* LaunchScreen.storyboard */,
				A32C6556260C557700DC6653 /* Info.plist */,
			);
			path = Passs;
			sourceTree = "<group>";
		};
		A3CFA4C42792895B0020F82F /* Common */ = {
			isa = PBXGroup;
			children = (
				A3CFA4C5279289740020F82F /* UIImage+Extensions.swift */,
				A3CFA4CE279B46830020F82F /* SlideTransitioningDelegate.swift */,
			);
			path = Common;
			sourceTree = "<group>";
		};
		A3F3DA26260CA5E00057AF24 /* Model */ = {
			isa = PBXGroup;
			children = (
				A3F3DA27260CA5FC0057AF24 /* PassItem.swift */,
				A3F3DA29260CA8440057AF24 /* PassItem+KeePassKit.swift */,
			);
			path = Model;
			sourceTree = "<group>";
		};
		A3F3DA32260DBEAA0057AF24 /* Service */ = {
			isa = PBXGroup;
			children = (
				A3F3DA33260DBEB50057AF24 /* PasteboardManager.swift */,
				A3F3DA35260DC1D10057AF24 /* PassDatabaseManager.swift */,
				A3F4959B261E22F700E4AA7E /* DatabasesProvider.swift */,
				A318424E2721DB5F00786744 /* Constants.swift */,
				A3CFA4C92795F9650020F82F /* KeychainManager.swift */,
			);
			path = Service;
			sourceTree = "<group>";
		};
		A3F4959D261E241300E4AA7E /* Controller */ = {
			isa = PBXGroup;
			children = (
				A3C9AB472620680600170B55 /* CategorySelectorView.swift */,
				A32C654C260C557300DC6653 /* PasswordsViewController.swift */,
				A3F4959E261E242700E4AA7E /* DatabaseListViewController.swift */,
				A3C9AB45261F685200170B55 /* EnterPasswordViewController.swift */,
				A3CFA4C7279349370020F82F /* GroupsViewController.swift */,
			);
			path = Controller;
			sourceTree = "<group>";
		};
/* End PBXGroup section */

/* Begin PBXNativeTarget section */
		A31842432721D69200786744 /* PasssTests */ = {
			isa = PBXNativeTarget;
			buildConfigurationList = A318424D2721D69200786744 /* Build configuration list for PBXNativeTarget "PasssTests" */;
			buildPhases = (
				3482704F82CF07B3211E4994 /* [CP] Check Pods Manifest.lock */,
				A31842402721D69200786744 /* Sources */,
				A31842412721D69200786744 /* Frameworks */,
				A31842422721D69200786744 /* Resources */,
				1CA4B3D977613A79196729F0 /* [CP] Embed Pods Frameworks */,
			);
			buildRules = (
			);
			dependencies = (
				A318424A2721D69200786744 /* PBXTargetDependency */,
			);
			name = PasssTests;
			productName = PasssTests;
			productReference = A31842442721D69200786744 /* PasssTests.xctest */;
			productType = "com.apple.product-type.bundle.unit-test";
		};
		A32C6544260C557200DC6653 /* Passs */ = {
			isa = PBXNativeTarget;
			buildConfigurationList = A32C6559260C557700DC6653 /* Build configuration list for PBXNativeTarget "Passs" */;
			buildPhases = (
				DB2F66A65660A25F26E3CD04 /* [CP] Check Pods Manifest.lock */,
				A32C6541260C557200DC6653 /* Sources */,
				A32C6542260C557200DC6653 /* Frameworks */,
				A32C6543260C557200DC6653 /* Resources */,
				A32C6577260C650700DC6653 /* Embed Frameworks */,
				85D5035C9DA10D480DC005E9 /* [CP] Embed Pods Frameworks */,
			);
			buildRules = (
			);
			dependencies = (
			);
			name = Passs;
			productName = Passs;
			productReference = A32C6545260C557200DC6653 /* Passs.app */;
			productType = "com.apple.product-type.application";
		};
/* End PBXNativeTarget section */

/* Begin PBXProject section */
		A32C653D260C557200DC6653 /* Project object */ = {
			isa = PBXProject;
			attributes = {
				LastSwiftUpdateCheck = 1250;
				LastUpgradeCheck = 1230;
				TargetAttributes = {
					A31842432721D69200786744 = {
						CreatedOnToolsVersion = 12.5;
						TestTargetID = A32C6544260C557200DC6653;
					};
					A32C6544260C557200DC6653 = {
						CreatedOnToolsVersion = 12.3;
					};
				};
			};
			buildConfigurationList = A32C6540260C557200DC6653 /* Build configuration list for PBXProject "Passs" */;
			compatibilityVersion = "Xcode 9.3";
			developmentRegion = en;
			hasScannedForEncodings = 0;
			knownRegions = (
				en,
				Base,
			);
			mainGroup = A32C653C260C557200DC6653;
			productRefGroup = A32C6546260C557200DC6653 /* Products */;
			projectDirPath = "";
			projectRoot = "";
			targets = (
				A32C6544260C557200DC6653 /* Passs */,
				A31842432721D69200786744 /* PasssTests */,
			);
		};
/* End PBXProject section */

/* Begin PBXResourcesBuildPhase section */
		A31842422721D69200786744 /* Resources */ = {
			isa = PBXResourcesBuildPhase;
			buildActionMask = 2147483647;
			files = (
			);
			runOnlyForDeploymentPostprocessing = 0;
		};
		A32C6543260C557200DC6653 /* Resources */ = {
			isa = PBXResourcesBuildPhase;
			buildActionMask = 2147483647;
			files = (
				A32C6555260C557700DC6653 /* LaunchScreen.storyboard in Resources */,
				A32C6552260C557700DC6653 /* Assets.xcassets in Resources */,
			);
			runOnlyForDeploymentPostprocessing = 0;
		};
/* End PBXResourcesBuildPhase section */

/* Begin PBXShellScriptBuildPhase section */
		1CA4B3D977613A79196729F0 /* [CP] Embed Pods Frameworks */ = {
			isa = PBXShellScriptBuildPhase;
			buildActionMask = 2147483647;
			files = (
			);
			inputFileListPaths = (
				"${PODS_ROOT}/Target Support Files/Pods-PasssTests/Pods-PasssTests-frameworks-${CONFIGURATION}-input-files.xcfilelist",
			);
			name = "[CP] Embed Pods Frameworks";
			outputFileListPaths = (
				"${PODS_ROOT}/Target Support Files/Pods-PasssTests/Pods-PasssTests-frameworks-${CONFIGURATION}-output-files.xcfilelist",
			);
			runOnlyForDeploymentPostprocessing = 0;
			shellPath = /bin/sh;
			shellScript = "\"${PODS_ROOT}/Target Support Files/Pods-PasssTests/Pods-PasssTests-frameworks.sh\"\n";
			showEnvVarsInLog = 0;
		};
		3482704F82CF07B3211E4994 /* [CP] Check Pods Manifest.lock */ = {
			isa = PBXShellScriptBuildPhase;
			buildActionMask = 2147483647;
			files = (
			);
			inputFileListPaths = (
			);
			inputPaths = (
				"${PODS_PODFILE_DIR_PATH}/Podfile.lock",
				"${PODS_ROOT}/Manifest.lock",
			);
			name = "[CP] Check Pods Manifest.lock";
			outputFileListPaths = (
			);
			outputPaths = (
				"$(DERIVED_FILE_DIR)/Pods-PasssTests-checkManifestLockResult.txt",
			);
			runOnlyForDeploymentPostprocessing = 0;
			shellPath = /bin/sh;
			shellScript = "diff \"${PODS_PODFILE_DIR_PATH}/Podfile.lock\" \"${PODS_ROOT}/Manifest.lock\" > /dev/null\nif [ $? != 0 ] ; then\n    # print error to STDERR\n    echo \"error: The sandbox is not in sync with the Podfile.lock. Run 'pod install' or update your CocoaPods installation.\" >&2\n    exit 1\nfi\n# This output is used by Xcode 'outputs' to avoid re-running this script phase.\necho \"SUCCESS\" > \"${SCRIPT_OUTPUT_FILE_0}\"\n";
			showEnvVarsInLog = 0;
		};
		85D5035C9DA10D480DC005E9 /* [CP] Embed Pods Frameworks */ = {
			isa = PBXShellScriptBuildPhase;
			buildActionMask = 2147483647;
			files = (
			);
			inputFileListPaths = (
				"${PODS_ROOT}/Target Support Files/Pods-Passs/Pods-Passs-frameworks-${CONFIGURATION}-input-files.xcfilelist",
			);
			name = "[CP] Embed Pods Frameworks";
			outputFileListPaths = (
				"${PODS_ROOT}/Target Support Files/Pods-Passs/Pods-Passs-frameworks-${CONFIGURATION}-output-files.xcfilelist",
			);
			runOnlyForDeploymentPostprocessing = 0;
			shellPath = /bin/sh;
			shellScript = "\"${PODS_ROOT}/Target Support Files/Pods-Passs/Pods-Passs-frameworks.sh\"\n";
			showEnvVarsInLog = 0;
		};
		DB2F66A65660A25F26E3CD04 /* [CP] Check Pods Manifest.lock */ = {
			isa = PBXShellScriptBuildPhase;
			buildActionMask = 2147483647;
			files = (
			);
			inputFileListPaths = (
			);
			inputPaths = (
				"${PODS_PODFILE_DIR_PATH}/Podfile.lock",
				"${PODS_ROOT}/Manifest.lock",
			);
			name = "[CP] Check Pods Manifest.lock";
			outputFileListPaths = (
			);
			outputPaths = (
				"$(DERIVED_FILE_DIR)/Pods-Passs-checkManifestLockResult.txt",
			);
			runOnlyForDeploymentPostprocessing = 0;
			shellPath = /bin/sh;
			shellScript = "diff \"${PODS_PODFILE_DIR_PATH}/Podfile.lock\" \"${PODS_ROOT}/Manifest.lock\" > /dev/null\nif [ $? != 0 ] ; then\n    # print error to STDERR\n    echo \"error: The sandbox is not in sync with the Podfile.lock. Run 'pod install' or update your CocoaPods installation.\" >&2\n    exit 1\nfi\n# This output is used by Xcode 'outputs' to avoid re-running this script phase.\necho \"SUCCESS\" > \"${SCRIPT_OUTPUT_FILE_0}\"\n";
			showEnvVarsInLog = 0;
		};
/* End PBXShellScriptBuildPhase section */

/* Begin PBXSourcesBuildPhase section */
		A31842402721D69200786744 /* Sources */ = {
			isa = PBXSourcesBuildPhase;
			buildActionMask = 2147483647;
			files = (
				A31842472721D69200786744 /* PasteboardManagerTests.swift in Sources */,
			);
			runOnlyForDeploymentPostprocessing = 0;
		};
		A32C6541260C557200DC6653 /* Sources */ = {
			isa = PBXSourcesBuildPhase;
			buildActionMask = 2147483647;
			files = (
				A3F3DA28260CA5FC0057AF24 /* PassItem.swift in Sources */,
				A3C9AB482620680600170B55 /* CategorySelectorView.swift in Sources */,
				A3F3DA2A260CA8440057AF24 /* PassItem+KeePassKit.swift in Sources */,
				A3CFA4C6279289740020F82F /* UIImage+Extensions.swift in Sources */,
				A3F3DA34260DBEB60057AF24 /* PasteboardManager.swift in Sources */,
				A3CFA4C8279349370020F82F /* GroupsViewController.swift in Sources */,
				A3CFA4CF279B46840020F82F /* SlideTransitioningDelegate.swift in Sources */,
				A3F3DA36260DC1D10057AF24 /* PassDatabaseManager.swift in Sources */,
				A3F4959F261E242700E4AA7E /* DatabaseListViewController.swift in Sources */,
				A32C654D260C557300DC6653 /* PasswordsViewController.swift in Sources */,
				A3CFA4CA2795F9650020F82F /* KeychainManager.swift in Sources */,
				A3C9AB46261F685200170B55 /* EnterPasswordViewController.swift in Sources */,
				A3F4959C261E22F700E4AA7E /* DatabasesProvider.swift in Sources */,
				A318424F2721DB5F00786744 /* Constants.swift in Sources */,
				A32C6549260C557300DC6653 /* AppDelegate.swift in Sources */,
			);
			runOnlyForDeploymentPostprocessing = 0;
		};
/* End PBXSourcesBuildPhase section */

/* Begin PBXTargetDependency section */
		A318424A2721D69200786744 /* PBXTargetDependency */ = {
			isa = PBXTargetDependency;
			target = A32C6544260C557200DC6653 /* Passs */;
			targetProxy = A31842492721D69200786744 /* PBXContainerItemProxy */;
		};
/* End PBXTargetDependency section */

/* Begin PBXVariantGroup section */
		A32C6553260C557700DC6653 /* LaunchScreen.storyboard */ = {
			isa = PBXVariantGroup;
			children = (
				A32C6554260C557700DC6653 /* Base */,
			);
			name = LaunchScreen.storyboard;
			sourceTree = "<group>";
		};
/* End PBXVariantGroup section */

/* Begin XCBuildConfiguration section */
		A318424B2721D69200786744 /* Debug */ = {
			isa = XCBuildConfiguration;
			baseConfigurationReference = BDD5B3A1CD787FB487C055B9 /* Pods-PasssTests.debug.xcconfig */;
			buildSettings = {
				BUNDLE_LOADER = "$(TEST_HOST)";
				CODE_SIGN_STYLE = Automatic;
				INFOPLIST_FILE = PasssTests/Info.plist;
				IPHONEOS_DEPLOYMENT_TARGET = 14.5;
				LD_RUNPATH_SEARCH_PATHS = (
					"$(inherited)",
					"@executable_path/Frameworks",
					"@loader_path/Frameworks",
				);
				PRODUCT_BUNDLE_IDENTIFIER = com.df.Passs.PasssTests;
				PRODUCT_NAME = "$(TARGET_NAME)";
				SWIFT_VERSION = 5.0;
				TARGETED_DEVICE_FAMILY = "1,2";
				TEST_HOST = "$(BUILT_PRODUCTS_DIR)/Passs.app/Passs";
			};
			name = Debug;
		};
		A318424C2721D69200786744 /* Release */ = {
			isa = XCBuildConfiguration;
			baseConfigurationReference = 3DBED3956B7666EBE5677B9B /* Pods-PasssTests.release.xcconfig */;
			buildSettings = {
				BUNDLE_LOADER = "$(TEST_HOST)";
				CODE_SIGN_STYLE = Automatic;
				INFOPLIST_FILE = PasssTests/Info.plist;
				IPHONEOS_DEPLOYMENT_TARGET = 14.5;
				LD_RUNPATH_SEARCH_PATHS = (
					"$(inherited)",
					"@executable_path/Frameworks",
					"@loader_path/Frameworks",
				);
				PRODUCT_BUNDLE_IDENTIFIER = com.df.Passs.PasssTests;
				PRODUCT_NAME = "$(TARGET_NAME)";
				SWIFT_VERSION = 5.0;
				TARGETED_DEVICE_FAMILY = "1,2";
				TEST_HOST = "$(BUILT_PRODUCTS_DIR)/Passs.app/Passs";
			};
			name = Release;
		};
		A32C6557260C557700DC6653 /* Debug */ = {
			isa = XCBuildConfiguration;
			buildSettings = {
				ALWAYS_SEARCH_USER_PATHS = NO;
				CLANG_ANALYZER_NONNULL = YES;
				CLANG_ANALYZER_NUMBER_OBJECT_CONVERSION = YES_AGGRESSIVE;
				CLANG_CXX_LANGUAGE_STANDARD = "gnu++14";
				CLANG_CXX_LIBRARY = "libc++";
				CLANG_ENABLE_MODULES = YES;
				CLANG_ENABLE_OBJC_ARC = YES;
				CLANG_ENABLE_OBJC_WEAK = YES;
				CLANG_WARN_BLOCK_CAPTURE_AUTORELEASING = YES;
				CLANG_WARN_BOOL_CONVERSION = YES;
				CLANG_WARN_COMMA = YES;
				CLANG_WARN_CONSTANT_CONVERSION = YES;
				CLANG_WARN_DEPRECATED_OBJC_IMPLEMENTATIONS = YES;
				CLANG_WARN_DIRECT_OBJC_ISA_USAGE = YES_ERROR;
				CLANG_WARN_DOCUMENTATION_COMMENTS = YES;
				CLANG_WARN_EMPTY_BODY = YES;
				CLANG_WARN_ENUM_CONVERSION = YES;
				CLANG_WARN_INFINITE_RECURSION = YES;
				CLANG_WARN_INT_CONVERSION = YES;
				CLANG_WARN_NON_LITERAL_NULL_CONVERSION = YES;
				CLANG_WARN_OBJC_IMPLICIT_RETAIN_SELF = YES;
				CLANG_WARN_OBJC_LITERAL_CONVERSION = YES;
				CLANG_WARN_OBJC_ROOT_CLASS = YES_ERROR;
				CLANG_WARN_QUOTED_INCLUDE_IN_FRAMEWORK_HEADER = YES;
				CLANG_WARN_RANGE_LOOP_ANALYSIS = YES;
				CLANG_WARN_STRICT_PROTOTYPES = YES;
				CLANG_WARN_SUSPICIOUS_MOVE = YES;
				CLANG_WARN_UNGUARDED_AVAILABILITY = YES_AGGRESSIVE;
				CLANG_WARN_UNREACHABLE_CODE = YES;
				CLANG_WARN__DUPLICATE_METHOD_MATCH = YES;
				COPY_PHASE_STRIP = NO;
				DEBUG_INFORMATION_FORMAT = dwarf;
				ENABLE_STRICT_OBJC_MSGSEND = YES;
				ENABLE_TESTABILITY = YES;
				GCC_C_LANGUAGE_STANDARD = gnu11;
				GCC_DYNAMIC_NO_PIC = NO;
				GCC_NO_COMMON_BLOCKS = YES;
				GCC_OPTIMIZATION_LEVEL = 0;
				GCC_PREPROCESSOR_DEFINITIONS = (
					"DEBUG=1",
					"$(inherited)",
				);
				GCC_WARN_64_TO_32_BIT_CONVERSION = YES;
				GCC_WARN_ABOUT_RETURN_TYPE = YES_ERROR;
				GCC_WARN_UNDECLARED_SELECTOR = YES;
				GCC_WARN_UNINITIALIZED_AUTOS = YES_AGGRESSIVE;
				GCC_WARN_UNUSED_FUNCTION = YES;
				GCC_WARN_UNUSED_VARIABLE = YES;
				IPHONEOS_DEPLOYMENT_TARGET = 14.3;
				MTL_ENABLE_DEBUG_INFO = INCLUDE_SOURCE;
				MTL_FAST_MATH = YES;
				ONLY_ACTIVE_ARCH = YES;
				SDKROOT = iphoneos;
				SWIFT_ACTIVE_COMPILATION_CONDITIONS = DEBUG;
				SWIFT_OPTIMIZATION_LEVEL = "-Onone";
			};
			name = Debug;
		};
		A32C6558260C557700DC6653 /* Release */ = {
			isa = XCBuildConfiguration;
			buildSettings = {
				ALWAYS_SEARCH_USER_PATHS = NO;
				CLANG_ANALYZER_NONNULL = YES;
				CLANG_ANALYZER_NUMBER_OBJECT_CONVERSION = YES_AGGRESSIVE;
				CLANG_CXX_LANGUAGE_STANDARD = "gnu++14";
				CLANG_CXX_LIBRARY = "libc++";
				CLANG_ENABLE_MODULES = YES;
				CLANG_ENABLE_OBJC_ARC = YES;
				CLANG_ENABLE_OBJC_WEAK = YES;
				CLANG_WARN_BLOCK_CAPTURE_AUTORELEASING = YES;
				CLANG_WARN_BOOL_CONVERSION = YES;
				CLANG_WARN_COMMA = YES;
				CLANG_WARN_CONSTANT_CONVERSION = YES;
				CLANG_WARN_DEPRECATED_OBJC_IMPLEMENTATIONS = YES;
				CLANG_WARN_DIRECT_OBJC_ISA_USAGE = YES_ERROR;
				CLANG_WARN_DOCUMENTATION_COMMENTS = YES;
				CLANG_WARN_EMPTY_BODY = YES;
				CLANG_WARN_ENUM_CONVERSION = YES;
				CLANG_WARN_INFINITE_RECURSION = YES;
				CLANG_WARN_INT_CONVERSION = YES;
				CLANG_WARN_NON_LITERAL_NULL_CONVERSION = YES;
				CLANG_WARN_OBJC_IMPLICIT_RETAIN_SELF = YES;
				CLANG_WARN_OBJC_LITERAL_CONVERSION = YES;
				CLANG_WARN_OBJC_ROOT_CLASS = YES_ERROR;
				CLANG_WARN_QUOTED_INCLUDE_IN_FRAMEWORK_HEADER = YES;
				CLANG_WARN_RANGE_LOOP_ANALYSIS = YES;
				CLANG_WARN_STRICT_PROTOTYPES = YES;
				CLANG_WARN_SUSPICIOUS_MOVE = YES;
				CLANG_WARN_UNGUARDED_AVAILABILITY = YES_AGGRESSIVE;
				CLANG_WARN_UNREACHABLE_CODE = YES;
				CLANG_WARN__DUPLICATE_METHOD_MATCH = YES;
				COPY_PHASE_STRIP = NO;
				DEBUG_INFORMATION_FORMAT = "dwarf-with-dsym";
				ENABLE_NS_ASSERTIONS = NO;
				ENABLE_STRICT_OBJC_MSGSEND = YES;
				GCC_C_LANGUAGE_STANDARD = gnu11;
				GCC_NO_COMMON_BLOCKS = YES;
				GCC_WARN_64_TO_32_BIT_CONVERSION = YES;
				GCC_WARN_ABOUT_RETURN_TYPE = YES_ERROR;
				GCC_WARN_UNDECLARED_SELECTOR = YES;
				GCC_WARN_UNINITIALIZED_AUTOS = YES_AGGRESSIVE;
				GCC_WARN_UNUSED_FUNCTION = YES;
				GCC_WARN_UNUSED_VARIABLE = YES;
				IPHONEOS_DEPLOYMENT_TARGET = 14.3;
				MTL_ENABLE_DEBUG_INFO = NO;
				MTL_FAST_MATH = YES;
				SDKROOT = iphoneos;
				SWIFT_COMPILATION_MODE = wholemodule;
				SWIFT_OPTIMIZATION_LEVEL = "-O";
				VALIDATE_PRODUCT = YES;
			};
			name = Release;
		};
		A32C655A260C557700DC6653 /* Debug */ = {
			isa = XCBuildConfiguration;
			baseConfigurationReference = EBA44A656624B8CD1C05172E /* Pods-Passs.debug.xcconfig */;
			buildSettings = {
				ASSETCATALOG_COMPILER_APPICON_NAME = AppIcon;
				ASSETCATALOG_COMPILER_GLOBAL_ACCENT_COLOR_NAME = AccentColor;
				CODE_SIGN_STYLE = Automatic;
				DEVELOPMENT_TEAM = M9YPX79TYZ;
				FRAMEWORK_SEARCH_PATHS = "$(inherited)";
				INFOPLIST_FILE = Passs/Info.plist;
				IPHONEOS_DEPLOYMENT_TARGET = 12.0;
				LD_RUNPATH_SEARCH_PATHS = (
					"$(inherited)",
					"@executable_path/Frameworks",
				);
				PRODUCT_BUNDLE_IDENTIFIER = com.df.Passs;
				PRODUCT_NAME = "$(TARGET_NAME)";
				SWIFT_VERSION = 5.0;
				TARGETED_DEVICE_FAMILY = "1,2";
			};
			name = Debug;
		};
		A32C655B260C557700DC6653 /* Release */ = {
			isa = XCBuildConfiguration;
			baseConfigurationReference = A1BE885742778874F9F7BB11 /* Pods-Passs.release.xcconfig */;
			buildSettings = {
				ASSETCATALOG_COMPILER_APPICON_NAME = AppIcon;
				ASSETCATALOG_COMPILER_GLOBAL_ACCENT_COLOR_NAME = AccentColor;
				CODE_SIGN_STYLE = Automatic;
				DEVELOPMENT_TEAM = M9YPX79TYZ;
				FRAMEWORK_SEARCH_PATHS = "$(inherited)";
				INFOPLIST_FILE = Passs/Info.plist;
				IPHONEOS_DEPLOYMENT_TARGET = 12.0;
				LD_RUNPATH_SEARCH_PATHS = (
					"$(inherited)",
					"@executable_path/Frameworks",
				);
				PRODUCT_BUNDLE_IDENTIFIER = com.df.Passs;
				PRODUCT_NAME = "$(TARGET_NAME)";
				SWIFT_VERSION = 5.0;
				TARGETED_DEVICE_FAMILY = "1,2";
			};
			name = Release;
		};
/* End XCBuildConfiguration section */

/* Begin XCConfigurationList section */
		A318424D2721D69200786744 /* Build configuration list for PBXNativeTarget "PasssTests" */ = {
			isa = XCConfigurationList;
			buildConfigurations = (
				A318424B2721D69200786744 /* Debug */,
				A318424C2721D69200786744 /* Release */,
			);
			defaultConfigurationIsVisible = 0;
			defaultConfigurationName = Release;
		};
		A32C6540260C557200DC6653 /* Build configuration list for PBXProject "Passs" */ = {
			isa = XCConfigurationList;
			buildConfigurations = (
				A32C6557260C557700DC6653 /* Debug */,
				A32C6558260C557700DC6653 /* Release */,
			);
			defaultConfigurationIsVisible = 0;
			defaultConfigurationName = Release;
		};
		A32C6559260C557700DC6653 /* Build configuration list for PBXNativeTarget "Passs" */ = {
			isa = XCConfigurationList;
			buildConfigurations = (
				A32C655A260C557700DC6653 /* Debug */,
				A32C655B260C557700DC6653 /* Release */,
			);
			defaultConfigurationIsVisible = 0;
			defaultConfigurationName = Release;
		};
/* End XCConfigurationList section */
	};
	rootObject = A32C653D260C557200DC6653 /* Project object */;
}
