// !$*UTF8*$!
{
	archiveVersion = 1;
	classes = {
	};
	objectVersion = 53;
	objects = {

/* Begin PBXBuildFile section */
		0A1EF7EE2937A99200F9DEC3 /* UIFont+Extensions.swift in Sources */ = {isa = PBXBuildFile; fileRef = 0A1EF7ED2937A99200F9DEC3 /* UIFont+Extensions.swift */; };
		0A1EF7F52937D55700F9DEC3 /* RootCoordinator.swift in Sources */ = {isa = PBXBuildFile; fileRef = A365CAB027B4F0F2009877D1 /* RootCoordinator.swift */; };
		0A1EF7F62937D56F00F9DEC3 /* SwitchCell.swift in Sources */ = {isa = PBXBuildFile; fileRef = A35A8B1727BCDE1500216C24 /* SwitchCell.swift */; };
		0A1EF7F72937D56F00F9DEC3 /* TextFieldCell.swift in Sources */ = {isa = PBXBuildFile; fileRef = A35A8B1527BC33B000216C24 /* TextFieldCell.swift */; };
		0A1EF7F82937D56F00F9DEC3 /* ColoredTableViewHeaderFooterView.swift in Sources */ = {isa = PBXBuildFile; fileRef = A35A8B1C27BE2C8200216C24 /* ColoredTableViewHeaderFooterView.swift */; };
		0A1EF7F92937D56F00F9DEC3 /* SelectKeyButtonCell.swift in Sources */ = {isa = PBXBuildFile; fileRef = A35A8B1E27BEB3FE00216C24 /* SelectKeyButtonCell.swift */; };
		0A1EF7FA2937D56F00F9DEC3 /* SubtitleTableViewCell.swift in Sources */ = {isa = PBXBuildFile; fileRef = A3CAA30A27A9B93D00330FAC /* SubtitleTableViewCell.swift */; };
		0A1EF7FB2937D57400F9DEC3 /* UIButton+Extensions.swift in Sources */ = {isa = PBXBuildFile; fileRef = A35A8B0D27B56B8E00216C24 /* UIButton+Extensions.swift */; };
		0A1EF7FC2937D57400F9DEC3 /* UserDefaults+Extensions.swift in Sources */ = {isa = PBXBuildFile; fileRef = A392D9CB27C79D2F00206161 /* UserDefaults+Extensions.swift */; };
		0A1EF7FD2937D57400F9DEC3 /* UIImage+Extensions.swift in Sources */ = {isa = PBXBuildFile; fileRef = A3CFA4C5279289740020F82F /* UIImage+Extensions.swift */; };
		0A1EF7FE2937D57400F9DEC3 /* UIViewController+Extensions.swift in Sources */ = {isa = PBXBuildFile; fileRef = A3B5E32527AD9EE40061CAC6 /* UIViewController+Extensions.swift */; };
		0A1EF7FF2937D57400F9DEC3 /* UIDocumentPickerController+Extensions.swift in Sources */ = {isa = PBXBuildFile; fileRef = A3FF57D327BFD6F400D41659 /* UIDocumentPickerController+Extensions.swift */; };
		0A1EF8002937D57400F9DEC3 /* UIFont+Extensions.swift in Sources */ = {isa = PBXBuildFile; fileRef = 0A1EF7ED2937A99200F9DEC3 /* UIFont+Extensions.swift */; };
		0A1EF8012937D57700F9DEC3 /* PasswordsViewController.swift in Sources */ = {isa = PBXBuildFile; fileRef = A32C654C260C557300DC6653 /* PasswordsViewController.swift */; };
		0A1EF8022937D57700F9DEC3 /* DatabaseListViewController.swift in Sources */ = {isa = PBXBuildFile; fileRef = A3F4959E261E242700E4AA7E /* DatabaseListViewController.swift */; };
		0A1EF8032937D57700F9DEC3 /* UnlockViewController.swift in Sources */ = {isa = PBXBuildFile; fileRef = A35A8B1127BC2F1500216C24 /* UnlockViewController.swift */; };
		0A1EF8042937D57700F9DEC3 /* GroupsViewController.swift in Sources */ = {isa = PBXBuildFile; fileRef = A3CFA4C7279349370020F82F /* GroupsViewController.swift */; };
		0A1EF8052937D57D00F9DEC3 /* RecentPasswordsManager.swift in Sources */ = {isa = PBXBuildFile; fileRef = A3CAA31227ABCFB000330FAC /* RecentPasswordsManager.swift */; };
		0A1EF8062937D57D00F9DEC3 /* PassDatabaseManager.swift in Sources */ = {isa = PBXBuildFile; fileRef = A3F3DA35260DC1D10057AF24 /* PassDatabaseManager.swift */; };
		0A1EF8072937D57D00F9DEC3 /* Constants.swift in Sources */ = {isa = PBXBuildFile; fileRef = A318424E2721DB5F00786744 /* Constants.swift */; };
		0A1EF8082937D57D00F9DEC3 /* DatabasesProvider.swift in Sources */ = {isa = PBXBuildFile; fileRef = A3F4959B261E22F700E4AA7E /* DatabasesProvider.swift */; };
		0A1EF8092937D57D00F9DEC3 /* PasteboardManager.swift in Sources */ = {isa = PBXBuildFile; fileRef = A3F3DA33260DBEB50057AF24 /* PasteboardManager.swift */; };
		0A1EF80A2937D57D00F9DEC3 /* KeychainManager.swift in Sources */ = {isa = PBXBuildFile; fileRef = A3CFA4C92795F9650020F82F /* KeychainManager.swift */; };
		0A1EF80B2937D57D00F9DEC3 /* LocalAuthManager.swift in Sources */ = {isa = PBXBuildFile; fileRef = A3B5E33F27B16E620061CAC6 /* LocalAuthManager.swift */; };
		0A1EF80C2937D57D00F9DEC3 /* ServiceLocator.swift in Sources */ = {isa = PBXBuildFile; fileRef = A365CAB227B4FAE9009877D1 /* ServiceLocator.swift */; };
		0A1EF80D2937D57D00F9DEC3 /* SettingsManager.swift in Sources */ = {isa = PBXBuildFile; fileRef = A392D9C927C66FA500206161 /* SettingsManager.swift */; };
		0A4FA0A229EF1832004E9906 /* PassItem+SFSymbols.swift in Sources */ = {isa = PBXBuildFile; fileRef = 0A4FA0A129EF1832004E9906 /* PassItem+SFSymbols.swift */; };
		0A4FA0A329EF1832004E9906 /* PassItem+SFSymbols.swift in Sources */ = {isa = PBXBuildFile; fileRef = 0A4FA0A129EF1832004E9906 /* PassItem+SFSymbols.swift */; };
		0A52EDC429FE6CD2003463EF /* BrowseDatabaseTableHeaderView.swift in Sources */ = {isa = PBXBuildFile; fileRef = 0A52EDC329FE6CD2003463EF /* BrowseDatabaseTableHeaderView.swift */; };
		0A52EDC529FE6CD2003463EF /* BrowseDatabaseTableHeaderView.swift in Sources */ = {isa = PBXBuildFile; fileRef = 0A52EDC329FE6CD2003463EF /* BrowseDatabaseTableHeaderView.swift */; };
		0A52EDC729FFE8B7003463EF /* PasswordDetailsViewController.swift in Sources */ = {isa = PBXBuildFile; fileRef = 0A52EDC629FFE8B7003463EF /* PasswordDetailsViewController.swift */; };
		0A52EDC829FFE8B7003463EF /* PasswordDetailsViewController.swift in Sources */ = {isa = PBXBuildFile; fileRef = 0A52EDC629FFE8B7003463EF /* PasswordDetailsViewController.swift */; };
		0A52EDCA29FFEF32003463EF /* UIView+Extensions.swift in Sources */ = {isa = PBXBuildFile; fileRef = 0A52EDC929FFEF32003463EF /* UIView+Extensions.swift */; };
		0A52EDCB29FFEF32003463EF /* UIView+Extensions.swift in Sources */ = {isa = PBXBuildFile; fileRef = 0A52EDC929FFEF32003463EF /* UIView+Extensions.swift */; };
		0A850A0F2937F98E00754CC9 /* UnlockData.swift in Sources */ = {isa = PBXBuildFile; fileRef = A3FF57D527BFED1E00D41659 /* UnlockData.swift */; };
		0A850A102937F99E00754CC9 /* PassItem.swift in Sources */ = {isa = PBXBuildFile; fileRef = A3F3DA27260CA5FC0057AF24 /* PassItem.swift */; };
		0A850A112937F9EF00754CC9 /* PassItem+KeePassKit.swift in Sources */ = {isa = PBXBuildFile; fileRef = A3F3DA29260CA8440057AF24 /* PassItem+KeePassKit.swift */; };
		0A8D3E382938F515005D4435 /* CredentialsSelectionManager.swift in Sources */ = {isa = PBXBuildFile; fileRef = 0A8D3E372938F515005D4435 /* CredentialsSelectionManager.swift */; };
		0A8D3E392938F515005D4435 /* CredentialsSelectionManager.swift in Sources */ = {isa = PBXBuildFile; fileRef = 0A8D3E372938F515005D4435 /* CredentialsSelectionManager.swift */; };
		0AD29C50293FCE55007A9061 /* BarButtonItem.swift in Sources */ = {isa = PBXBuildFile; fileRef = 0AD29C4F293FCE55007A9061 /* BarButtonItem.swift */; };
		0AD29C51293FCF38007A9061 /* BarButtonItem.swift in Sources */ = {isa = PBXBuildFile; fileRef = 0AD29C4F293FCE55007A9061 /* BarButtonItem.swift */; };
		0AD616CC29EA46AD00BCE3AD /* QRCodeViewController.swift in Sources */ = {isa = PBXBuildFile; fileRef = 0AD616CB29EA46AD00BCE3AD /* QRCodeViewController.swift */; };
		0AD616CE29EA4C8500BCE3AD /* QRCodeManager.swift in Sources */ = {isa = PBXBuildFile; fileRef = 0AD616CD29EA4C8500BCE3AD /* QRCodeManager.swift */; };
		0AD616CF29EA4DB600BCE3AD /* QRCodeManager.swift in Sources */ = {isa = PBXBuildFile; fileRef = 0AD616CD29EA4C8500BCE3AD /* QRCodeManager.swift */; };
		0AD616D029EA4ED000BCE3AD /* QRCodeViewController.swift in Sources */ = {isa = PBXBuildFile; fileRef = 0AD616CB29EA46AD00BCE3AD /* QRCodeViewController.swift */; };
		8136E27CDE0CD3DA3ABEC034 /* Pods_CredentialProvider.framework in Frameworks */ = {isa = PBXBuildFile; fileRef = BBF18EB9167ADB17B2C12082 /* Pods_CredentialProvider.framework */; };
		A31842472721D69200786744 /* PasteboardManagerTests.swift in Sources */ = {isa = PBXBuildFile; fileRef = A31842462721D69200786744 /* PasteboardManagerTests.swift */; };
		A318424F2721DB5F00786744 /* Constants.swift in Sources */ = {isa = PBXBuildFile; fileRef = A318424E2721DB5F00786744 /* Constants.swift */; };
		A32C6549260C557300DC6653 /* AppDelegate.swift in Sources */ = {isa = PBXBuildFile; fileRef = A32C6548260C557300DC6653 /* AppDelegate.swift */; };
		A32C654D260C557300DC6653 /* PasswordsViewController.swift in Sources */ = {isa = PBXBuildFile; fileRef = A32C654C260C557300DC6653 /* PasswordsViewController.swift */; };
		A32C6552260C557700DC6653 /* Assets.xcassets in Resources */ = {isa = PBXBuildFile; fileRef = A32C6551260C557700DC6653 /* Assets.xcassets */; };
		A32C6555260C557700DC6653 /* LaunchScreen.storyboard in Resources */ = {isa = PBXBuildFile; fileRef = A32C6553260C557700DC6653 /* LaunchScreen.storyboard */; };
		A35A8B0E27B56B8E00216C24 /* UIButton+Extensions.swift in Sources */ = {isa = PBXBuildFile; fileRef = A35A8B0D27B56B8E00216C24 /* UIButton+Extensions.swift */; };
		A35A8B1227BC2F1500216C24 /* UnlockViewController.swift in Sources */ = {isa = PBXBuildFile; fileRef = A35A8B1127BC2F1500216C24 /* UnlockViewController.swift */; };
		A35A8B1627BC33B000216C24 /* TextFieldCell.swift in Sources */ = {isa = PBXBuildFile; fileRef = A35A8B1527BC33B000216C24 /* TextFieldCell.swift */; };
		A35A8B1827BCDE1500216C24 /* SwitchCell.swift in Sources */ = {isa = PBXBuildFile; fileRef = A35A8B1727BCDE1500216C24 /* SwitchCell.swift */; };
		A35A8B1D27BE2C8200216C24 /* ColoredTableViewHeaderFooterView.swift in Sources */ = {isa = PBXBuildFile; fileRef = A35A8B1C27BE2C8200216C24 /* ColoredTableViewHeaderFooterView.swift */; };
		A35A8B1F27BEB3FE00216C24 /* SelectKeyButtonCell.swift in Sources */ = {isa = PBXBuildFile; fileRef = A35A8B1E27BEB3FE00216C24 /* SelectKeyButtonCell.swift */; };
		A365CAB127B4F0F2009877D1 /* RootCoordinator.swift in Sources */ = {isa = PBXBuildFile; fileRef = A365CAB027B4F0F2009877D1 /* RootCoordinator.swift */; };
		A365CAB327B4FAE9009877D1 /* ServiceLocator.swift in Sources */ = {isa = PBXBuildFile; fileRef = A365CAB227B4FAE9009877D1 /* ServiceLocator.swift */; };
		A377A6F22A00EFE000213490 /* NotificationViewController.swift in Sources */ = {isa = PBXBuildFile; fileRef = A377A6F12A00EFE000213490 /* NotificationViewController.swift */; };
		A377A6F32A00EFE000213490 /* NotificationViewController.swift in Sources */ = {isa = PBXBuildFile; fileRef = A377A6F12A00EFE000213490 /* NotificationViewController.swift */; };
		A392D9CA27C66FA500206161 /* SettingsManager.swift in Sources */ = {isa = PBXBuildFile; fileRef = A392D9C927C66FA500206161 /* SettingsManager.swift */; };
		A392D9CC27C79D2F00206161 /* UserDefaults+Extensions.swift in Sources */ = {isa = PBXBuildFile; fileRef = A392D9CB27C79D2F00206161 /* UserDefaults+Extensions.swift */; };
		A3B5E32627AD9EE40061CAC6 /* UIViewController+Extensions.swift in Sources */ = {isa = PBXBuildFile; fileRef = A3B5E32527AD9EE40061CAC6 /* UIViewController+Extensions.swift */; };
		A3B5E32D27AEA7340061CAC6 /* AuthenticationServices.framework in Frameworks */ = {isa = PBXBuildFile; fileRef = A3B5E32C27AEA7340061CAC6 /* AuthenticationServices.framework */; };
		A3B5E33027AEA7340061CAC6 /* CredentialProviderViewController.swift in Sources */ = {isa = PBXBuildFile; fileRef = A3B5E32F27AEA7340061CAC6 /* CredentialProviderViewController.swift */; };
		A3B5E33827AEA7340061CAC6 /* CredentialProvider.appex in Embed Foundation Extensions */ = {isa = PBXBuildFile; fileRef = A3B5E32B27AEA7330061CAC6 /* CredentialProvider.appex */; settings = {ATTRIBUTES = (RemoveHeadersOnCopy, ); }; };
		A3B5E33E27AEACEF0061CAC6 /* AuthenticationServices.framework in Frameworks */ = {isa = PBXBuildFile; fileRef = A3B5E32C27AEA7340061CAC6 /* AuthenticationServices.framework */; };
		A3B5E34027B16E620061CAC6 /* LocalAuthManager.swift in Sources */ = {isa = PBXBuildFile; fileRef = A3B5E33F27B16E620061CAC6 /* LocalAuthManager.swift */; };
		A3CAA30B27A9B93D00330FAC /* SubtitleTableViewCell.swift in Sources */ = {isa = PBXBuildFile; fileRef = A3CAA30A27A9B93D00330FAC /* SubtitleTableViewCell.swift */; };
		A3CAA30D27AB060300330FAC /* Application.swift in Sources */ = {isa = PBXBuildFile; fileRef = A3CAA30C27AB060200330FAC /* Application.swift */; };
		A3CAA30F27AB06CF00330FAC /* main.swift in Sources */ = {isa = PBXBuildFile; fileRef = A3CAA30E27AB06CF00330FAC /* main.swift */; };
		A3CAA31327ABCFB000330FAC /* RecentPasswordsManager.swift in Sources */ = {isa = PBXBuildFile; fileRef = A3CAA31227ABCFB000330FAC /* RecentPasswordsManager.swift */; };
		A3CFA4C6279289740020F82F /* UIImage+Extensions.swift in Sources */ = {isa = PBXBuildFile; fileRef = A3CFA4C5279289740020F82F /* UIImage+Extensions.swift */; };
		A3CFA4C8279349370020F82F /* GroupsViewController.swift in Sources */ = {isa = PBXBuildFile; fileRef = A3CFA4C7279349370020F82F /* GroupsViewController.swift */; };
		A3CFA4CA2795F9650020F82F /* KeychainManager.swift in Sources */ = {isa = PBXBuildFile; fileRef = A3CFA4C92795F9650020F82F /* KeychainManager.swift */; };
		A3F3DA28260CA5FC0057AF24 /* PassItem.swift in Sources */ = {isa = PBXBuildFile; fileRef = A3F3DA27260CA5FC0057AF24 /* PassItem.swift */; };
		A3F3DA2A260CA8440057AF24 /* PassItem+KeePassKit.swift in Sources */ = {isa = PBXBuildFile; fileRef = A3F3DA29260CA8440057AF24 /* PassItem+KeePassKit.swift */; };
		A3F3DA34260DBEB60057AF24 /* PasteboardManager.swift in Sources */ = {isa = PBXBuildFile; fileRef = A3F3DA33260DBEB50057AF24 /* PasteboardManager.swift */; };
		A3F3DA36260DC1D10057AF24 /* PassDatabaseManager.swift in Sources */ = {isa = PBXBuildFile; fileRef = A3F3DA35260DC1D10057AF24 /* PassDatabaseManager.swift */; };
		A3F4959C261E22F700E4AA7E /* DatabasesProvider.swift in Sources */ = {isa = PBXBuildFile; fileRef = A3F4959B261E22F700E4AA7E /* DatabasesProvider.swift */; };
		A3F4959F261E242700E4AA7E /* DatabaseListViewController.swift in Sources */ = {isa = PBXBuildFile; fileRef = A3F4959E261E242700E4AA7E /* DatabaseListViewController.swift */; };
		A3FF57D427BFD6F400D41659 /* UIDocumentPickerController+Extensions.swift in Sources */ = {isa = PBXBuildFile; fileRef = A3FF57D327BFD6F400D41659 /* UIDocumentPickerController+Extensions.swift */; };
		A3FF57D627BFED1E00D41659 /* UnlockData.swift in Sources */ = {isa = PBXBuildFile; fileRef = A3FF57D527BFED1E00D41659 /* UnlockData.swift */; };
		AC4B5A89BE2359C8A81E7472 /* Pods_PasssTests.framework in Frameworks */ = {isa = PBXBuildFile; fileRef = 61C958F420CCDECE8DEC67FD /* Pods_PasssTests.framework */; };
		B653F71337F4EBCD629F9FCC /* Pods_Keep.framework in Frameworks */ = {isa = PBXBuildFile; fileRef = ADB79A128448B2460381FEE8 /* Pods_Keep.framework */; };
/* End PBXBuildFile section */

/* Begin PBXContainerItemProxy section */
		A31842492721D69200786744 /* PBXContainerItemProxy */ = {
			isa = PBXContainerItemProxy;
			containerPortal = A32C653D260C557200DC6653 /* Project object */;
			proxyType = 1;
			remoteGlobalIDString = A32C6544260C557200DC6653;
			remoteInfo = Passs;
		};
		A3B5E33627AEA7340061CAC6 /* PBXContainerItemProxy */ = {
			isa = PBXContainerItemProxy;
			containerPortal = A32C653D260C557200DC6653 /* Project object */;
			proxyType = 1;
			remoteGlobalIDString = A3B5E32A27AEA7330061CAC6;
			remoteInfo = CredentialProvider;
		};
/* End PBXContainerItemProxy section */

/* Begin PBXCopyFilesBuildPhase section */
		A32C6577260C650700DC6653 /* Embed Frameworks */ = {
			isa = PBXCopyFilesBuildPhase;
			buildActionMask = 2147483647;
			dstPath = "";
			dstSubfolderSpec = 10;
			files = (
			);
			name = "Embed Frameworks";
			runOnlyForDeploymentPostprocessing = 0;
		};
		A3B5E33C27AEA7340061CAC6 /* Embed Foundation Extensions */ = {
			isa = PBXCopyFilesBuildPhase;
			buildActionMask = 2147483647;
			dstPath = "";
			dstSubfolderSpec = 13;
			files = (
				A3B5E33827AEA7340061CAC6 /* CredentialProvider.appex in Embed Foundation Extensions */,
			);
			name = "Embed Foundation Extensions";
			runOnlyForDeploymentPostprocessing = 0;
		};
/* End PBXCopyFilesBuildPhase section */

/* Begin PBXFileReference section */
		0A1EF7ED2937A99200F9DEC3 /* UIFont+Extensions.swift */ = {isa = PBXFileReference; lastKnownFileType = sourcecode.swift; path = "UIFont+Extensions.swift"; sourceTree = "<group>"; };
		0A4FA0A129EF1832004E9906 /* PassItem+SFSymbols.swift */ = {isa = PBXFileReference; lastKnownFileType = sourcecode.swift; path = "PassItem+SFSymbols.swift"; sourceTree = "<group>"; };
		0A52EDC329FE6CD2003463EF /* BrowseDatabaseTableHeaderView.swift */ = {isa = PBXFileReference; lastKnownFileType = sourcecode.swift; path = BrowseDatabaseTableHeaderView.swift; sourceTree = "<group>"; };
		0A52EDC629FFE8B7003463EF /* PasswordDetailsViewController.swift */ = {isa = PBXFileReference; lastKnownFileType = sourcecode.swift; path = PasswordDetailsViewController.swift; sourceTree = "<group>"; };
		0A52EDC929FFEF32003463EF /* UIView+Extensions.swift */ = {isa = PBXFileReference; lastKnownFileType = sourcecode.swift; path = "UIView+Extensions.swift"; sourceTree = "<group>"; };
		0A8D3E372938F515005D4435 /* CredentialsSelectionManager.swift */ = {isa = PBXFileReference; lastKnownFileType = sourcecode.swift; path = CredentialsSelectionManager.swift; sourceTree = "<group>"; };
		0AD29C4F293FCE55007A9061 /* BarButtonItem.swift */ = {isa = PBXFileReference; lastKnownFileType = sourcecode.swift; path = BarButtonItem.swift; sourceTree = "<group>"; };
		0AD616CB29EA46AD00BCE3AD /* QRCodeViewController.swift */ = {isa = PBXFileReference; lastKnownFileType = sourcecode.swift; path = QRCodeViewController.swift; sourceTree = "<group>"; };
		0AD616CD29EA4C8500BCE3AD /* QRCodeManager.swift */ = {isa = PBXFileReference; lastKnownFileType = sourcecode.swift; path = QRCodeManager.swift; sourceTree = "<group>"; };
		3DBED3956B7666EBE5677B9B /* Pods-PasssTests.release.xcconfig */ = {isa = PBXFileReference; includeInIndex = 1; lastKnownFileType = text.xcconfig; name = "Pods-PasssTests.release.xcconfig"; path = "Target Support Files/Pods-PasssTests/Pods-PasssTests.release.xcconfig"; sourceTree = "<group>"; };
		61C958F420CCDECE8DEC67FD /* Pods_PasssTests.framework */ = {isa = PBXFileReference; explicitFileType = wrapper.framework; includeInIndex = 0; path = Pods_PasssTests.framework; sourceTree = BUILT_PRODUCTS_DIR; };
		69039581FF5D2E799B3EA7B8 /* Pods-CredentialProvider.debug.xcconfig */ = {isa = PBXFileReference; includeInIndex = 1; lastKnownFileType = text.xcconfig; name = "Pods-CredentialProvider.debug.xcconfig"; path = "Target Support Files/Pods-CredentialProvider/Pods-CredentialProvider.debug.xcconfig"; sourceTree = "<group>"; };
		6E54ACEAAC3ACCB78AEAEE1A /* Pods-Keep.debug.xcconfig */ = {isa = PBXFileReference; includeInIndex = 1; lastKnownFileType = text.xcconfig; name = "Pods-Keep.debug.xcconfig"; path = "Target Support Files/Pods-Keep/Pods-Keep.debug.xcconfig"; sourceTree = "<group>"; };
		984E7C4E3E0B69E504BC960D /* Pods-Keep.release.xcconfig */ = {isa = PBXFileReference; includeInIndex = 1; lastKnownFileType = text.xcconfig; name = "Pods-Keep.release.xcconfig"; path = "Target Support Files/Pods-Keep/Pods-Keep.release.xcconfig"; sourceTree = "<group>"; };
		A1BE885742778874F9F7BB11 /* Pods-Passs.release.xcconfig */ = {isa = PBXFileReference; includeInIndex = 1; lastKnownFileType = text.xcconfig; name = "Pods-Passs.release.xcconfig"; path = "Target Support Files/Pods-Passs/Pods-Passs.release.xcconfig"; sourceTree = "<group>"; };
		A31842442721D69200786744 /* PasssTests.xctest */ = {isa = PBXFileReference; explicitFileType = wrapper.cfbundle; includeInIndex = 0; path = PasssTests.xctest; sourceTree = BUILT_PRODUCTS_DIR; };
		A31842462721D69200786744 /* PasteboardManagerTests.swift */ = {isa = PBXFileReference; lastKnownFileType = sourcecode.swift; path = PasteboardManagerTests.swift; sourceTree = "<group>"; };
		A31842482721D69200786744 /* Info.plist */ = {isa = PBXFileReference; lastKnownFileType = text.plist.xml; path = Info.plist; sourceTree = "<group>"; };
		A318424E2721DB5F00786744 /* Constants.swift */ = {isa = PBXFileReference; lastKnownFileType = sourcecode.swift; path = Constants.swift; sourceTree = "<group>"; };
		A32C6545260C557200DC6653 /* Keep.app */ = {isa = PBXFileReference; explicitFileType = wrapper.application; includeInIndex = 0; path = Keep.app; sourceTree = BUILT_PRODUCTS_DIR; };
		A32C6548260C557300DC6653 /* AppDelegate.swift */ = {isa = PBXFileReference; lastKnownFileType = sourcecode.swift; path = AppDelegate.swift; sourceTree = "<group>"; };
		A32C654C260C557300DC6653 /* PasswordsViewController.swift */ = {isa = PBXFileReference; lastKnownFileType = sourcecode.swift; path = PasswordsViewController.swift; sourceTree = "<group>"; };
		A32C6551260C557700DC6653 /* Assets.xcassets */ = {isa = PBXFileReference; lastKnownFileType = folder.assetcatalog; path = Assets.xcassets; sourceTree = "<group>"; };
		A32C6554260C557700DC6653 /* Base */ = {isa = PBXFileReference; lastKnownFileType = file.storyboard; name = Base; path = Base.lproj/LaunchScreen.storyboard; sourceTree = "<group>"; };
		A32C6556260C557700DC6653 /* Info.plist */ = {isa = PBXFileReference; lastKnownFileType = text.plist.xml; path = Info.plist; sourceTree = "<group>"; };
		A35A8B0D27B56B8E00216C24 /* UIButton+Extensions.swift */ = {isa = PBXFileReference; lastKnownFileType = sourcecode.swift; path = "UIButton+Extensions.swift"; sourceTree = "<group>"; };
		A35A8B1127BC2F1500216C24 /* UnlockViewController.swift */ = {isa = PBXFileReference; lastKnownFileType = sourcecode.swift; path = UnlockViewController.swift; sourceTree = "<group>"; };
		A35A8B1527BC33B000216C24 /* TextFieldCell.swift */ = {isa = PBXFileReference; lastKnownFileType = sourcecode.swift; path = TextFieldCell.swift; sourceTree = "<group>"; };
		A35A8B1727BCDE1500216C24 /* SwitchCell.swift */ = {isa = PBXFileReference; lastKnownFileType = sourcecode.swift; path = SwitchCell.swift; sourceTree = "<group>"; };
		A35A8B1C27BE2C8200216C24 /* ColoredTableViewHeaderFooterView.swift */ = {isa = PBXFileReference; lastKnownFileType = sourcecode.swift; path = ColoredTableViewHeaderFooterView.swift; sourceTree = "<group>"; };
		A35A8B1E27BEB3FE00216C24 /* SelectKeyButtonCell.swift */ = {isa = PBXFileReference; lastKnownFileType = sourcecode.swift; path = SelectKeyButtonCell.swift; sourceTree = "<group>"; };
		A365CAB027B4F0F2009877D1 /* RootCoordinator.swift */ = {isa = PBXFileReference; lastKnownFileType = sourcecode.swift; path = RootCoordinator.swift; sourceTree = "<group>"; };
		A365CAB227B4FAE9009877D1 /* ServiceLocator.swift */ = {isa = PBXFileReference; lastKnownFileType = sourcecode.swift; path = ServiceLocator.swift; sourceTree = "<group>"; };
		A377A6F12A00EFE000213490 /* NotificationViewController.swift */ = {isa = PBXFileReference; lastKnownFileType = sourcecode.swift; path = NotificationViewController.swift; sourceTree = "<group>"; };
		A392D9C927C66FA500206161 /* SettingsManager.swift */ = {isa = PBXFileReference; lastKnownFileType = sourcecode.swift; path = SettingsManager.swift; sourceTree = "<group>"; };
		A392D9CB27C79D2F00206161 /* UserDefaults+Extensions.swift */ = {isa = PBXFileReference; lastKnownFileType = sourcecode.swift; path = "UserDefaults+Extensions.swift"; sourceTree = "<group>"; };
		A3B5E32527AD9EE40061CAC6 /* UIViewController+Extensions.swift */ = {isa = PBXFileReference; lastKnownFileType = sourcecode.swift; path = "UIViewController+Extensions.swift"; sourceTree = "<group>"; };
		A3B5E32B27AEA7330061CAC6 /* CredentialProvider.appex */ = {isa = PBXFileReference; explicitFileType = "wrapper.app-extension"; includeInIndex = 0; path = CredentialProvider.appex; sourceTree = BUILT_PRODUCTS_DIR; };
		A3B5E32C27AEA7340061CAC6 /* AuthenticationServices.framework */ = {isa = PBXFileReference; lastKnownFileType = wrapper.framework; name = AuthenticationServices.framework; path = System/Library/Frameworks/AuthenticationServices.framework; sourceTree = SDKROOT; };
		A3B5E32F27AEA7340061CAC6 /* CredentialProviderViewController.swift */ = {isa = PBXFileReference; lastKnownFileType = sourcecode.swift; path = CredentialProviderViewController.swift; sourceTree = "<group>"; };
		A3B5E33427AEA7340061CAC6 /* Info.plist */ = {isa = PBXFileReference; lastKnownFileType = text.plist.xml; path = Info.plist; sourceTree = "<group>"; };
		A3B5E33527AEA7340061CAC6 /* CredentialProvider.entitlements */ = {isa = PBXFileReference; lastKnownFileType = text.plist.entitlements; path = CredentialProvider.entitlements; sourceTree = "<group>"; };
		A3B5E33D27AEACEF0061CAC6 /* Passs.entitlements */ = {isa = PBXFileReference; lastKnownFileType = text.plist.entitlements; path = Passs.entitlements; sourceTree = "<group>"; };
		A3B5E33F27B16E620061CAC6 /* LocalAuthManager.swift */ = {isa = PBXFileReference; lastKnownFileType = sourcecode.swift; path = LocalAuthManager.swift; sourceTree = "<group>"; };
		A3CAA30A27A9B93D00330FAC /* SubtitleTableViewCell.swift */ = {isa = PBXFileReference; lastKnownFileType = sourcecode.swift; path = SubtitleTableViewCell.swift; sourceTree = "<group>"; };
		A3CAA30C27AB060200330FAC /* Application.swift */ = {isa = PBXFileReference; lastKnownFileType = sourcecode.swift; path = Application.swift; sourceTree = "<group>"; };
		A3CAA30E27AB06CF00330FAC /* main.swift */ = {isa = PBXFileReference; lastKnownFileType = sourcecode.swift; path = main.swift; sourceTree = "<group>"; };
		A3CAA31227ABCFB000330FAC /* RecentPasswordsManager.swift */ = {isa = PBXFileReference; lastKnownFileType = sourcecode.swift; path = RecentPasswordsManager.swift; sourceTree = "<group>"; };
		A3CFA4C5279289740020F82F /* UIImage+Extensions.swift */ = {isa = PBXFileReference; lastKnownFileType = sourcecode.swift; path = "UIImage+Extensions.swift"; sourceTree = "<group>"; };
		A3CFA4C7279349370020F82F /* GroupsViewController.swift */ = {isa = PBXFileReference; lastKnownFileType = sourcecode.swift; path = GroupsViewController.swift; sourceTree = "<group>"; };
		A3CFA4C92795F9650020F82F /* KeychainManager.swift */ = {isa = PBXFileReference; lastKnownFileType = sourcecode.swift; path = KeychainManager.swift; sourceTree = "<group>"; };
		A3F3DA27260CA5FC0057AF24 /* PassItem.swift */ = {isa = PBXFileReference; lastKnownFileType = sourcecode.swift; path = PassItem.swift; sourceTree = "<group>"; };
		A3F3DA29260CA8440057AF24 /* PassItem+KeePassKit.swift */ = {isa = PBXFileReference; lastKnownFileType = sourcecode.swift; path = "PassItem+KeePassKit.swift"; sourceTree = "<group>"; };
		A3F3DA33260DBEB50057AF24 /* PasteboardManager.swift */ = {isa = PBXFileReference; lastKnownFileType = sourcecode.swift; path = PasteboardManager.swift; sourceTree = "<group>"; };
		A3F3DA35260DC1D10057AF24 /* PassDatabaseManager.swift */ = {isa = PBXFileReference; lastKnownFileType = sourcecode.swift; path = PassDatabaseManager.swift; sourceTree = "<group>"; };
		A3F4959B261E22F700E4AA7E /* DatabasesProvider.swift */ = {isa = PBXFileReference; lastKnownFileType = sourcecode.swift; path = DatabasesProvider.swift; sourceTree = "<group>"; };
		A3F4959E261E242700E4AA7E /* DatabaseListViewController.swift */ = {isa = PBXFileReference; lastKnownFileType = sourcecode.swift; path = DatabaseListViewController.swift; sourceTree = "<group>"; };
		A3FF57D327BFD6F400D41659 /* UIDocumentPickerController+Extensions.swift */ = {isa = PBXFileReference; lastKnownFileType = sourcecode.swift; path = "UIDocumentPickerController+Extensions.swift"; sourceTree = "<group>"; };
		A3FF57D527BFED1E00D41659 /* UnlockData.swift */ = {isa = PBXFileReference; lastKnownFileType = sourcecode.swift; path = UnlockData.swift; sourceTree = "<group>"; };
		A5FA10701D7AA8184255F37D /* Pods-CredentialProvider.release.xcconfig */ = {isa = PBXFileReference; includeInIndex = 1; lastKnownFileType = text.xcconfig; name = "Pods-CredentialProvider.release.xcconfig"; path = "Target Support Files/Pods-CredentialProvider/Pods-CredentialProvider.release.xcconfig"; sourceTree = "<group>"; };
		ADB79A128448B2460381FEE8 /* Pods_Keep.framework */ = {isa = PBXFileReference; explicitFileType = wrapper.framework; includeInIndex = 0; path = Pods_Keep.framework; sourceTree = BUILT_PRODUCTS_DIR; };
		BBF18EB9167ADB17B2C12082 /* Pods_CredentialProvider.framework */ = {isa = PBXFileReference; explicitFileType = wrapper.framework; includeInIndex = 0; path = Pods_CredentialProvider.framework; sourceTree = BUILT_PRODUCTS_DIR; };
		BDD5B3A1CD787FB487C055B9 /* Pods-PasssTests.debug.xcconfig */ = {isa = PBXFileReference; includeInIndex = 1; lastKnownFileType = text.xcconfig; name = "Pods-PasssTests.debug.xcconfig"; path = "Target Support Files/Pods-PasssTests/Pods-PasssTests.debug.xcconfig"; sourceTree = "<group>"; };
		EBA44A656624B8CD1C05172E /* Pods-Passs.debug.xcconfig */ = {isa = PBXFileReference; includeInIndex = 1; lastKnownFileType = text.xcconfig; name = "Pods-Passs.debug.xcconfig"; path = "Target Support Files/Pods-Passs/Pods-Passs.debug.xcconfig"; sourceTree = "<group>"; };
/* End PBXFileReference section */

/* Begin PBXFrameworksBuildPhase section */
		A31842412721D69200786744 /* Frameworks */ = {
			isa = PBXFrameworksBuildPhase;
			buildActionMask = 2147483647;
			files = (
				AC4B5A89BE2359C8A81E7472 /* Pods_PasssTests.framework in Frameworks */,
			);
			runOnlyForDeploymentPostprocessing = 0;
		};
		A32C6542260C557200DC6653 /* Frameworks */ = {
			isa = PBXFrameworksBuildPhase;
			buildActionMask = 2147483647;
			files = (
				A3B5E33E27AEACEF0061CAC6 /* AuthenticationServices.framework in Frameworks */,
				B653F71337F4EBCD629F9FCC /* Pods_Keep.framework in Frameworks */,
			);
			runOnlyForDeploymentPostprocessing = 0;
		};
		A3B5E32827AEA7330061CAC6 /* Frameworks */ = {
			isa = PBXFrameworksBuildPhase;
			buildActionMask = 2147483647;
			files = (
				A3B5E32D27AEA7340061CAC6 /* AuthenticationServices.framework in Frameworks */,
				8136E27CDE0CD3DA3ABEC034 /* Pods_CredentialProvider.framework in Frameworks */,
			);
			runOnlyForDeploymentPostprocessing = 0;
		};
/* End PBXFrameworksBuildPhase section */

/* Begin PBXGroup section */
		168E9655F2F473A54AE91AA6 /* Pods */ = {
			isa = PBXGroup;
			children = (
				EBA44A656624B8CD1C05172E /* Pods-Passs.debug.xcconfig */,
				A1BE885742778874F9F7BB11 /* Pods-Passs.release.xcconfig */,
				BDD5B3A1CD787FB487C055B9 /* Pods-PasssTests.debug.xcconfig */,
				3DBED3956B7666EBE5677B9B /* Pods-PasssTests.release.xcconfig */,
				69039581FF5D2E799B3EA7B8 /* Pods-CredentialProvider.debug.xcconfig */,
				A5FA10701D7AA8184255F37D /* Pods-CredentialProvider.release.xcconfig */,
				6E54ACEAAC3ACCB78AEAEE1A /* Pods-Keep.debug.xcconfig */,
				984E7C4E3E0B69E504BC960D /* Pods-Keep.release.xcconfig */,
			);
			path = Pods;
			sourceTree = "<group>";
		};
		5FB1834A3E031CBCCDD4B639 /* Frameworks */ = {
			isa = PBXGroup;
			children = (
				61C958F420CCDECE8DEC67FD /* Pods_PasssTests.framework */,
				A3B5E32C27AEA7340061CAC6 /* AuthenticationServices.framework */,
				BBF18EB9167ADB17B2C12082 /* Pods_CredentialProvider.framework */,
				ADB79A128448B2460381FEE8 /* Pods_Keep.framework */,
			);
			name = Frameworks;
			sourceTree = "<group>";
		};
		A31842452721D69200786744 /* PasssTests */ = {
			isa = PBXGroup;
			children = (
				A31842462721D69200786744 /* PasteboardManagerTests.swift */,
				A31842482721D69200786744 /* Info.plist */,
			);
			path = PasssTests;
			sourceTree = "<group>";
		};
		A32C653C260C557200DC6653 = {
			isa = PBXGroup;
			children = (
				A32C6547260C557200DC6653 /* Passs */,
				A31842452721D69200786744 /* PasssTests */,
				A3B5E32E27AEA7340061CAC6 /* CredentialProvider */,
				A32C6546260C557200DC6653 /* Products */,
				168E9655F2F473A54AE91AA6 /* Pods */,
				5FB1834A3E031CBCCDD4B639 /* Frameworks */,
			);
			sourceTree = "<group>";
		};
		A32C6546260C557200DC6653 /* Products */ = {
			isa = PBXGroup;
			children = (
				A32C6545260C557200DC6653 /* Keep.app */,
				A31842442721D69200786744 /* PasssTests.xctest */,
				A3B5E32B27AEA7330061CAC6 /* CredentialProvider.appex */,
			);
			name = Products;
			sourceTree = "<group>";
		};
		A32C6547260C557200DC6653 /* Passs */ = {
			isa = PBXGroup;
			children = (
				A365CAAF27B4F0D6009877D1 /* Coordinator */,
				A3CAA30927A9B91A00330FAC /* Cells */,
				A3CFA4C42792895B0020F82F /* Common */,
				A3F4959D261E241300E4AA7E /* Controller */,
				A3F3DA32260DBEAA0057AF24 /* Service */,
				A3F3DA26260CA5E00057AF24 /* Model */,
				A32C6548260C557300DC6653 /* AppDelegate.swift */,
				A3CAA30C27AB060200330FAC /* Application.swift */,
				A3CAA30E27AB06CF00330FAC /* main.swift */,
				A32C6551260C557700DC6653 /* Assets.xcassets */,
				A32C6553260C557700DC6653 /* LaunchScreen.storyboard */,
				A32C6556260C557700DC6653 /* Info.plist */,
				A3B5E33D27AEACEF0061CAC6 /* Passs.entitlements */,
			);
			path = Passs;
			sourceTree = "<group>";
		};
		A365CAAF27B4F0D6009877D1 /* Coordinator */ = {
			isa = PBXGroup;
			children = (
				A365CAB027B4F0F2009877D1 /* RootCoordinator.swift */,
			);
			path = Coordinator;
			sourceTree = "<group>";
		};
		A3B5E32E27AEA7340061CAC6 /* CredentialProvider */ = {
			isa = PBXGroup;
			children = (
				A3B5E32F27AEA7340061CAC6 /* CredentialProviderViewController.swift */,
				A3B5E33427AEA7340061CAC6 /* Info.plist */,
				A3B5E33527AEA7340061CAC6 /* CredentialProvider.entitlements */,
			);
			path = CredentialProvider;
			sourceTree = "<group>";
		};
		A3CAA30927A9B91A00330FAC /* Cells */ = {
			isa = PBXGroup;
			children = (
				A3CAA30A27A9B93D00330FAC /* SubtitleTableViewCell.swift */,
				A35A8B1527BC33B000216C24 /* TextFieldCell.swift */,
				A35A8B1727BCDE1500216C24 /* SwitchCell.swift */,
				A35A8B1C27BE2C8200216C24 /* ColoredTableViewHeaderFooterView.swift */,
				A35A8B1E27BEB3FE00216C24 /* SelectKeyButtonCell.swift */,
				0A52EDC329FE6CD2003463EF /* BrowseDatabaseTableHeaderView.swift */,
			);
			path = Cells;
			sourceTree = "<group>";
		};
		A3CFA4C42792895B0020F82F /* Common */ = {
			isa = PBXGroup;
			children = (
				A3CFA4C5279289740020F82F /* UIImage+Extensions.swift */,
				A35A8B0D27B56B8E00216C24 /* UIButton+Extensions.swift */,
				A3B5E32527AD9EE40061CAC6 /* UIViewController+Extensions.swift */,
				A3FF57D327BFD6F400D41659 /* UIDocumentPickerController+Extensions.swift */,
				A392D9CB27C79D2F00206161 /* UserDefaults+Extensions.swift */,
				0A1EF7ED2937A99200F9DEC3 /* UIFont+Extensions.swift */,
				0AD29C4F293FCE55007A9061 /* BarButtonItem.swift */,
				0A52EDC929FFEF32003463EF /* UIView+Extensions.swift */,
			);
			path = Common;
			sourceTree = "<group>";
		};
		A3F3DA26260CA5E00057AF24 /* Model */ = {
			isa = PBXGroup;
			children = (
				A3F3DA27260CA5FC0057AF24 /* PassItem.swift */,
				A3F3DA29260CA8440057AF24 /* PassItem+KeePassKit.swift */,
				0A4FA0A129EF1832004E9906 /* PassItem+SFSymbols.swift */,
				A3FF57D527BFED1E00D41659 /* UnlockData.swift */,
			);
			path = Model;
			sourceTree = "<group>";
		};
		A3F3DA32260DBEAA0057AF24 /* Service */ = {
			isa = PBXGroup;
			children = (
				A365CAB227B4FAE9009877D1 /* ServiceLocator.swift */,
				A3F3DA33260DBEB50057AF24 /* PasteboardManager.swift */,
				A3F3DA35260DC1D10057AF24 /* PassDatabaseManager.swift */,
				A3F4959B261E22F700E4AA7E /* DatabasesProvider.swift */,
				A318424E2721DB5F00786744 /* Constants.swift */,
				A392D9C927C66FA500206161 /* SettingsManager.swift */,
				A3CFA4C92795F9650020F82F /* KeychainManager.swift */,
				A3B5E33F27B16E620061CAC6 /* LocalAuthManager.swift */,
				A3CAA31227ABCFB000330FAC /* RecentPasswordsManager.swift */,
				0A8D3E372938F515005D4435 /* CredentialsSelectionManager.swift */,
				0AD616CD29EA4C8500BCE3AD /* QRCodeManager.swift */,
			);
			path = Service;
			sourceTree = "<group>";
		};
		A3F4959D261E241300E4AA7E /* Controller */ = {
			isa = PBXGroup;
			children = (
				A32C654C260C557300DC6653 /* PasswordsViewController.swift */,
				A3F4959E261E242700E4AA7E /* DatabaseListViewController.swift */,
				A3CFA4C7279349370020F82F /* GroupsViewController.swift */,
				A35A8B1127BC2F1500216C24 /* UnlockViewController.swift */,
				0AD616CB29EA46AD00BCE3AD /* QRCodeViewController.swift */,
				0A52EDC629FFE8B7003463EF /* PasswordDetailsViewController.swift */,
				A377A6F12A00EFE000213490 /* NotificationViewController.swift */,
				0A52EDC629FFE8B7003463EF /* PasswordDetailsViewController.swift */,
			);
			path = Controller;
			sourceTree = "<group>";
		};
/* End PBXGroup section */

/* Begin PBXNativeTarget section */
		A31842432721D69200786744 /* PasssTests */ = {
			isa = PBXNativeTarget;
			buildConfigurationList = A318424D2721D69200786744 /* Build configuration list for PBXNativeTarget "PasssTests" */;
			buildPhases = (
				3482704F82CF07B3211E4994 /* [CP] Check Pods Manifest.lock */,
				A31842402721D69200786744 /* Sources */,
				A31842412721D69200786744 /* Frameworks */,
				A31842422721D69200786744 /* Resources */,
				72C40F794F4B611F82193F9E /* [CP] Embed Pods Frameworks */,
			);
			buildRules = (
			);
			dependencies = (
				A318424A2721D69200786744 /* PBXTargetDependency */,
			);
			name = PasssTests;
			productName = PasssTests;
			productReference = A31842442721D69200786744 /* PasssTests.xctest */;
			productType = "com.apple.product-type.bundle.unit-test";
		};
		A32C6544260C557200DC6653 /* Keep */ = {
			isa = PBXNativeTarget;
			buildConfigurationList = A32C6559260C557700DC6653 /* Build configuration list for PBXNativeTarget "Keep" */;
			buildPhases = (
				DB2F66A65660A25F26E3CD04 /* [CP] Check Pods Manifest.lock */,
				A32C6541260C557200DC6653 /* Sources */,
				A32C6542260C557200DC6653 /* Frameworks */,
				A32C6543260C557200DC6653 /* Resources */,
				A32C6577260C650700DC6653 /* Embed Frameworks */,
				85D5035C9DA10D480DC005E9 /* [CP] Embed Pods Frameworks */,
				A3B5E33C27AEA7340061CAC6 /* Embed Foundation Extensions */,
			);
			buildRules = (
			);
			dependencies = (
				A3B5E33727AEA7340061CAC6 /* PBXTargetDependency */,
			);
			name = Keep;
			productName = Passs;
			productReference = A32C6545260C557200DC6653 /* Keep.app */;
			productType = "com.apple.product-type.application";
		};
		A3B5E32A27AEA7330061CAC6 /* CredentialProvider */ = {
			isa = PBXNativeTarget;
			buildConfigurationList = A3B5E33927AEA7340061CAC6 /* Build configuration list for PBXNativeTarget "CredentialProvider" */;
			buildPhases = (
				51E14118E1868CB11BEAE9C9 /* [CP] Check Pods Manifest.lock */,
				A3B5E32727AEA7330061CAC6 /* Sources */,
				A3B5E32827AEA7330061CAC6 /* Frameworks */,
				A3B5E32927AEA7330061CAC6 /* Resources */,
			);
			buildRules = (
			);
			dependencies = (
			);
			name = CredentialProvider;
			productName = CredentialProvider;
			productReference = A3B5E32B27AEA7330061CAC6 /* CredentialProvider.appex */;
			productType = "com.apple.product-type.app-extension";
		};
/* End PBXNativeTarget section */

/* Begin PBXProject section */
		A32C653D260C557200DC6653 /* Project object */ = {
			isa = PBXProject;
			attributes = {
				BuildIndependentTargetsInParallel = YES;
				LastSwiftUpdateCheck = 1320;
				LastUpgradeCheck = 1430;
				TargetAttributes = {
					A31842432721D69200786744 = {
						CreatedOnToolsVersion = 12.5;
						TestTargetID = A32C6544260C557200DC6653;
					};
					A32C6544260C557200DC6653 = {
						CreatedOnToolsVersion = 12.3;
					};
					A3B5E32A27AEA7330061CAC6 = {
						CreatedOnToolsVersion = 13.2.1;
					};
				};
			};
			buildConfigurationList = A32C6540260C557200DC6653 /* Build configuration list for PBXProject "Passs" */;
			compatibilityVersion = "Xcode 9.3";
			developmentRegion = en;
			hasScannedForEncodings = 0;
			knownRegions = (
				en,
				Base,
			);
			mainGroup = A32C653C260C557200DC6653;
			productRefGroup = A32C6546260C557200DC6653 /* Products */;
			projectDirPath = "";
			projectRoot = "";
			targets = (
				A32C6544260C557200DC6653 /* Keep */,
				A31842432721D69200786744 /* PasssTests */,
				A3B5E32A27AEA7330061CAC6 /* CredentialProvider */,
			);
		};
/* End PBXProject section */

/* Begin PBXResourcesBuildPhase section */
		A31842422721D69200786744 /* Resources */ = {
			isa = PBXResourcesBuildPhase;
			buildActionMask = 2147483647;
			files = (
			);
			runOnlyForDeploymentPostprocessing = 0;
		};
		A32C6543260C557200DC6653 /* Resources */ = {
			isa = PBXResourcesBuildPhase;
			buildActionMask = 2147483647;
			files = (
				A32C6555260C557700DC6653 /* LaunchScreen.storyboard in Resources */,
				A32C6552260C557700DC6653 /* Assets.xcassets in Resources */,
			);
			runOnlyForDeploymentPostprocessing = 0;
		};
		A3B5E32927AEA7330061CAC6 /* Resources */ = {
			isa = PBXResourcesBuildPhase;
			buildActionMask = 2147483647;
			files = (
			);
			runOnlyForDeploymentPostprocessing = 0;
		};
/* End PBXResourcesBuildPhase section */

/* Begin PBXShellScriptBuildPhase section */
		3482704F82CF07B3211E4994 /* [CP] Check Pods Manifest.lock */ = {
			isa = PBXShellScriptBuildPhase;
			buildActionMask = 2147483647;
			files = (
			);
			inputFileListPaths = (
			);
			inputPaths = (
				"${PODS_PODFILE_DIR_PATH}/Podfile.lock",
				"${PODS_ROOT}/Manifest.lock",
			);
			name = "[CP] Check Pods Manifest.lock";
			outputFileListPaths = (
			);
			outputPaths = (
				"$(DERIVED_FILE_DIR)/Pods-PasssTests-checkManifestLockResult.txt",
			);
			runOnlyForDeploymentPostprocessing = 0;
			shellPath = /bin/sh;
			shellScript = "diff \"${PODS_PODFILE_DIR_PATH}/Podfile.lock\" \"${PODS_ROOT}/Manifest.lock\" > /dev/null\nif [ $? != 0 ] ; then\n    # print error to STDERR\n    echo \"error: The sandbox is not in sync with the Podfile.lock. Run 'pod install' or update your CocoaPods installation.\" >&2\n    exit 1\nfi\n# This output is used by Xcode 'outputs' to avoid re-running this script phase.\necho \"SUCCESS\" > \"${SCRIPT_OUTPUT_FILE_0}\"\n";
			showEnvVarsInLog = 0;
		};
		51E14118E1868CB11BEAE9C9 /* [CP] Check Pods Manifest.lock */ = {
			isa = PBXShellScriptBuildPhase;
			buildActionMask = 2147483647;
			files = (
			);
			inputFileListPaths = (
			);
			inputPaths = (
				"${PODS_PODFILE_DIR_PATH}/Podfile.lock",
				"${PODS_ROOT}/Manifest.lock",
			);
			name = "[CP] Check Pods Manifest.lock";
			outputFileListPaths = (
			);
			outputPaths = (
				"$(DERIVED_FILE_DIR)/Pods-CredentialProvider-checkManifestLockResult.txt",
			);
			runOnlyForDeploymentPostprocessing = 0;
			shellPath = /bin/sh;
			shellScript = "diff \"${PODS_PODFILE_DIR_PATH}/Podfile.lock\" \"${PODS_ROOT}/Manifest.lock\" > /dev/null\nif [ $? != 0 ] ; then\n    # print error to STDERR\n    echo \"error: The sandbox is not in sync with the Podfile.lock. Run 'pod install' or update your CocoaPods installation.\" >&2\n    exit 1\nfi\n# This output is used by Xcode 'outputs' to avoid re-running this script phase.\necho \"SUCCESS\" > \"${SCRIPT_OUTPUT_FILE_0}\"\n";
			showEnvVarsInLog = 0;
		};
		72C40F794F4B611F82193F9E /* [CP] Embed Pods Frameworks */ = {
			isa = PBXShellScriptBuildPhase;
			buildActionMask = 2147483647;
			files = (
			);
			inputFileListPaths = (
				"${PODS_ROOT}/Target Support Files/Pods-PasssTests/Pods-PasssTests-frameworks-${CONFIGURATION}-input-files.xcfilelist",
			);
			name = "[CP] Embed Pods Frameworks";
			outputFileListPaths = (
				"${PODS_ROOT}/Target Support Files/Pods-PasssTests/Pods-PasssTests-frameworks-${CONFIGURATION}-output-files.xcfilelist",
			);
			runOnlyForDeploymentPostprocessing = 0;
			shellPath = /bin/sh;
			shellScript = "\"${PODS_ROOT}/Target Support Files/Pods-PasssTests/Pods-PasssTests-frameworks.sh\"\n";
			showEnvVarsInLog = 0;
		};
		85D5035C9DA10D480DC005E9 /* [CP] Embed Pods Frameworks */ = {
			isa = PBXShellScriptBuildPhase;
			buildActionMask = 2147483647;
			files = (
			);
			inputFileListPaths = (
				"${PODS_ROOT}/Target Support Files/Pods-Keep/Pods-Keep-frameworks-${CONFIGURATION}-input-files.xcfilelist",
			);
			name = "[CP] Embed Pods Frameworks";
			outputFileListPaths = (
				"${PODS_ROOT}/Target Support Files/Pods-Keep/Pods-Keep-frameworks-${CONFIGURATION}-output-files.xcfilelist",
			);
			runOnlyForDeploymentPostprocessing = 0;
			shellPath = /bin/sh;
			shellScript = "\"${PODS_ROOT}/Target Support Files/Pods-Keep/Pods-Keep-frameworks.sh\"\n";
			showEnvVarsInLog = 0;
		};
		DB2F66A65660A25F26E3CD04 /* [CP] Check Pods Manifest.lock */ = {
			isa = PBXShellScriptBuildPhase;
			buildActionMask = 2147483647;
			files = (
			);
			inputFileListPaths = (
			);
			inputPaths = (
				"${PODS_PODFILE_DIR_PATH}/Podfile.lock",
				"${PODS_ROOT}/Manifest.lock",
			);
			name = "[CP] Check Pods Manifest.lock";
			outputFileListPaths = (
			);
			outputPaths = (
				"$(DERIVED_FILE_DIR)/Pods-Keep-checkManifestLockResult.txt",
			);
			runOnlyForDeploymentPostprocessing = 0;
			shellPath = /bin/sh;
			shellScript = "diff \"${PODS_PODFILE_DIR_PATH}/Podfile.lock\" \"${PODS_ROOT}/Manifest.lock\" > /dev/null\nif [ $? != 0 ] ; then\n    # print error to STDERR\n    echo \"error: The sandbox is not in sync with the Podfile.lock. Run 'pod install' or update your CocoaPods installation.\" >&2\n    exit 1\nfi\n# This output is used by Xcode 'outputs' to avoid re-running this script phase.\necho \"SUCCESS\" > \"${SCRIPT_OUTPUT_FILE_0}\"\n";
			showEnvVarsInLog = 0;
		};
/* End PBXShellScriptBuildPhase section */

/* Begin PBXSourcesBuildPhase section */
		A31842402721D69200786744 /* Sources */ = {
			isa = PBXSourcesBuildPhase;
			buildActionMask = 2147483647;
			files = (
				A31842472721D69200786744 /* PasteboardManagerTests.swift in Sources */,
			);
			runOnlyForDeploymentPostprocessing = 0;
		};
		A32C6541260C557200DC6653 /* Sources */ = {
			isa = PBXSourcesBuildPhase;
			buildActionMask = 2147483647;
			files = (
				A35A8B1227BC2F1500216C24 /* UnlockViewController.swift in Sources */,
				0A52EDC429FE6CD2003463EF /* BrowseDatabaseTableHeaderView.swift in Sources */,
				0A8D3E382938F515005D4435 /* CredentialsSelectionManager.swift in Sources */,
				A3CAA30D27AB060300330FAC /* Application.swift in Sources */,
				0AD29C50293FCE55007A9061 /* BarButtonItem.swift in Sources */,
				A3F3DA28260CA5FC0057AF24 /* PassItem.swift in Sources */,
				A3CAA30F27AB06CF00330FAC /* main.swift in Sources */,
				A3F3DA2A260CA8440057AF24 /* PassItem+KeePassKit.swift in Sources */,
				A3CAA31327ABCFB000330FAC /* RecentPasswordsManager.swift in Sources */,
				A3CFA4C6279289740020F82F /* UIImage+Extensions.swift in Sources */,
				A3F3DA34260DBEB60057AF24 /* PasteboardManager.swift in Sources */,
				A3CAA30B27A9B93D00330FAC /* SubtitleTableViewCell.swift in Sources */,
				A377A6F22A00EFE000213490 /* NotificationViewController.swift in Sources */,
				A35A8B1F27BEB3FE00216C24 /* SelectKeyButtonCell.swift in Sources */,
				A3CFA4C8279349370020F82F /* GroupsViewController.swift in Sources */,
				A3F3DA36260DC1D10057AF24 /* PassDatabaseManager.swift in Sources */,
				A3F4959F261E242700E4AA7E /* DatabaseListViewController.swift in Sources */,
				A3B5E32627AD9EE40061CAC6 /* UIViewController+Extensions.swift in Sources */,
				A32C654D260C557300DC6653 /* PasswordsViewController.swift in Sources */,
				0A52EDCA29FFEF32003463EF /* UIView+Extensions.swift in Sources */,
				A365CAB127B4F0F2009877D1 /* RootCoordinator.swift in Sources */,
				0A4FA0A229EF1832004E9906 /* PassItem+SFSymbols.swift in Sources */,
				A3FF57D427BFD6F400D41659 /* UIDocumentPickerController+Extensions.swift in Sources */,
				A365CAB327B4FAE9009877D1 /* ServiceLocator.swift in Sources */,
				0A52EDC729FFE8B7003463EF /* PasswordDetailsViewController.swift in Sources */,
				0AD616CC29EA46AD00BCE3AD /* QRCodeViewController.swift in Sources */,
				A3CFA4CA2795F9650020F82F /* KeychainManager.swift in Sources */,
				A35A8B1627BC33B000216C24 /* TextFieldCell.swift in Sources */,
				A35A8B1D27BE2C8200216C24 /* ColoredTableViewHeaderFooterView.swift in Sources */,
				A392D9CC27C79D2F00206161 /* UserDefaults+Extensions.swift in Sources */,
				A3F4959C261E22F700E4AA7E /* DatabasesProvider.swift in Sources */,
				A3B5E34027B16E620061CAC6 /* LocalAuthManager.swift in Sources */,
				A3FF57D627BFED1E00D41659 /* UnlockData.swift in Sources */,
				0AD616CE29EA4C8500BCE3AD /* QRCodeManager.swift in Sources */,
				A318424F2721DB5F00786744 /* Constants.swift in Sources */,
				A392D9CA27C66FA500206161 /* SettingsManager.swift in Sources */,
				A35A8B1827BCDE1500216C24 /* SwitchCell.swift in Sources */,
				A35A8B0E27B56B8E00216C24 /* UIButton+Extensions.swift in Sources */,
				0A1EF7EE2937A99200F9DEC3 /* UIFont+Extensions.swift in Sources */,
				A32C6549260C557300DC6653 /* AppDelegate.swift in Sources */,
			);
			runOnlyForDeploymentPostprocessing = 0;
		};
		A3B5E32727AEA7330061CAC6 /* Sources */ = {
			isa = PBXSourcesBuildPhase;
			buildActionMask = 2147483647;
			files = (
				0A1EF8092937D57D00F9DEC3 /* PasteboardManager.swift in Sources */,
				0A1EF80B2937D57D00F9DEC3 /* LocalAuthManager.swift in Sources */,
				0A52EDC829FFE8B7003463EF /* PasswordDetailsViewController.swift in Sources */,
				0A1EF8032937D57700F9DEC3 /* UnlockViewController.swift in Sources */,
				0A1EF7FF2937D57400F9DEC3 /* UIDocumentPickerController+Extensions.swift in Sources */,
				0A1EF8022937D57700F9DEC3 /* DatabaseListViewController.swift in Sources */,
				0A1EF7F52937D55700F9DEC3 /* RootCoordinator.swift in Sources */,
				0A52EDCB29FFEF32003463EF /* UIView+Extensions.swift in Sources */,
				0A4FA0A329EF1832004E9906 /* PassItem+SFSymbols.swift in Sources */,
				0A1EF7FC2937D57400F9DEC3 /* UserDefaults+Extensions.swift in Sources */,
				0AD616CF29EA4DB600BCE3AD /* QRCodeManager.swift in Sources */,
				0A1EF7FB2937D57400F9DEC3 /* UIButton+Extensions.swift in Sources */,
				A3B5E33027AEA7340061CAC6 /* CredentialProviderViewController.swift in Sources */,
				0A1EF7F62937D56F00F9DEC3 /* SwitchCell.swift in Sources */,
				0A1EF7FA2937D56F00F9DEC3 /* SubtitleTableViewCell.swift in Sources */,
				0A1EF7FE2937D57400F9DEC3 /* UIViewController+Extensions.swift in Sources */,
				A377A6F32A00EFE000213490 /* NotificationViewController.swift in Sources */,
				0A1EF7F92937D56F00F9DEC3 /* SelectKeyButtonCell.swift in Sources */,
				0A1EF8052937D57D00F9DEC3 /* RecentPasswordsManager.swift in Sources */,
				0A1EF80D2937D57D00F9DEC3 /* SettingsManager.swift in Sources */,
				0AD29C51293FCF38007A9061 /* BarButtonItem.swift in Sources */,
				0A1EF8082937D57D00F9DEC3 /* DatabasesProvider.swift in Sources */,
				0A1EF7FD2937D57400F9DEC3 /* UIImage+Extensions.swift in Sources */,
				0A8D3E392938F515005D4435 /* CredentialsSelectionManager.swift in Sources */,
				0A1EF80C2937D57D00F9DEC3 /* ServiceLocator.swift in Sources */,
				0A1EF8002937D57400F9DEC3 /* UIFont+Extensions.swift in Sources */,
				0A1EF8042937D57700F9DEC3 /* GroupsViewController.swift in Sources */,
				0A52EDC529FE6CD2003463EF /* BrowseDatabaseTableHeaderView.swift in Sources */,
				0A1EF80A2937D57D00F9DEC3 /* KeychainManager.swift in Sources */,
				0AD616D029EA4ED000BCE3AD /* QRCodeViewController.swift in Sources */,
				0A1EF8072937D57D00F9DEC3 /* Constants.swift in Sources */,
				0A1EF8012937D57700F9DEC3 /* PasswordsViewController.swift in Sources */,
				0A850A0F2937F98E00754CC9 /* UnlockData.swift in Sources */,
				0A1EF7F72937D56F00F9DEC3 /* TextFieldCell.swift in Sources */,
				0A850A112937F9EF00754CC9 /* PassItem+KeePassKit.swift in Sources */,
				0A1EF8062937D57D00F9DEC3 /* PassDatabaseManager.swift in Sources */,
				0A1EF7F82937D56F00F9DEC3 /* ColoredTableViewHeaderFooterView.swift in Sources */,
				0A850A102937F99E00754CC9 /* PassItem.swift in Sources */,
			);
			runOnlyForDeploymentPostprocessing = 0;
		};
/* End PBXSourcesBuildPhase section */

/* Begin PBXTargetDependency section */
		A318424A2721D69200786744 /* PBXTargetDependency */ = {
			isa = PBXTargetDependency;
			target = A32C6544260C557200DC6653 /* Keep */;
			targetProxy = A31842492721D69200786744 /* PBXContainerItemProxy */;
		};
		A3B5E33727AEA7340061CAC6 /* PBXTargetDependency */ = {
			isa = PBXTargetDependency;
			target = A3B5E32A27AEA7330061CAC6 /* CredentialProvider */;
			targetProxy = A3B5E33627AEA7340061CAC6 /* PBXContainerItemProxy */;
		};
/* End PBXTargetDependency section */

/* Begin PBXVariantGroup section */
		A32C6553260C557700DC6653 /* LaunchScreen.storyboard */ = {
			isa = PBXVariantGroup;
			children = (
				A32C6554260C557700DC6653 /* Base */,
			);
			name = LaunchScreen.storyboard;
			sourceTree = "<group>";
		};
/* End PBXVariantGroup section */

/* Begin XCBuildConfiguration section */
		A318424B2721D69200786744 /* Debug */ = {
			isa = XCBuildConfiguration;
			baseConfigurationReference = BDD5B3A1CD787FB487C055B9 /* Pods-PasssTests.debug.xcconfig */;
			buildSettings = {
				BUNDLE_LOADER = "$(TEST_HOST)";
				"CODE_SIGN_IDENTITY[sdk=macosx*]" = "Apple Development";
				CODE_SIGN_STYLE = Automatic;
				DEVELOPMENT_TEAM = M9YPX79TYZ;
				INFOPLIST_FILE = PasssTests/Info.plist;
				IPHONEOS_DEPLOYMENT_TARGET = 13.0;
				LD_RUNPATH_SEARCH_PATHS = (
					"$(inherited)",
					"@executable_path/Frameworks",
					"@loader_path/Frameworks",
				);
				PRODUCT_BUNDLE_IDENTIFIER = com.df.Passs.PasssTests;
				PRODUCT_NAME = "$(TARGET_NAME)";
				SUPPORTS_MACCATALYST = NO;
				SUPPORTS_MAC_DESIGNED_FOR_IPHONE_IPAD = NO;
				SWIFT_VERSION = 5.0;
				TARGETED_DEVICE_FAMILY = "1,2";
				TEST_HOST = "$(BUILT_PRODUCTS_DIR)/Passs.app/Passs";
			};
			name = Debug;
		};
		A318424C2721D69200786744 /* Release */ = {
			isa = XCBuildConfiguration;
			baseConfigurationReference = 3DBED3956B7666EBE5677B9B /* Pods-PasssTests.release.xcconfig */;
			buildSettings = {
				BUNDLE_LOADER = "$(TEST_HOST)";
				CODE_SIGN_STYLE = Automatic;
				INFOPLIST_FILE = PasssTests/Info.plist;
				IPHONEOS_DEPLOYMENT_TARGET = 13.0;
				LD_RUNPATH_SEARCH_PATHS = (
					"$(inherited)",
					"@executable_path/Frameworks",
					"@loader_path/Frameworks",
				);
				PRODUCT_BUNDLE_IDENTIFIER = com.df.Passs.PasssTests;
				PRODUCT_NAME = "$(TARGET_NAME)";
				SUPPORTS_MACCATALYST = NO;
				SUPPORTS_MAC_DESIGNED_FOR_IPHONE_IPAD = NO;
				SWIFT_VERSION = 5.0;
				TARGETED_DEVICE_FAMILY = "1,2";
				TEST_HOST = "$(BUILT_PRODUCTS_DIR)/Passs.app/Passs";
			};
			name = Release;
		};
		A32C6557260C557700DC6653 /* Debug */ = {
			isa = XCBuildConfiguration;
			buildSettings = {
				ALWAYS_SEARCH_USER_PATHS = NO;
				CLANG_ANALYZER_NONNULL = YES;
				CLANG_ANALYZER_NUMBER_OBJECT_CONVERSION = YES_AGGRESSIVE;
				CLANG_CXX_LANGUAGE_STANDARD = "gnu++14";
				CLANG_CXX_LIBRARY = "libc++";
				CLANG_ENABLE_MODULES = YES;
				CLANG_ENABLE_OBJC_ARC = YES;
				CLANG_ENABLE_OBJC_WEAK = YES;
				CLANG_WARN_BLOCK_CAPTURE_AUTORELEASING = YES;
				CLANG_WARN_BOOL_CONVERSION = YES;
				CLANG_WARN_COMMA = YES;
				CLANG_WARN_CONSTANT_CONVERSION = YES;
				CLANG_WARN_DEPRECATED_OBJC_IMPLEMENTATIONS = YES;
				CLANG_WARN_DIRECT_OBJC_ISA_USAGE = YES_ERROR;
				CLANG_WARN_DOCUMENTATION_COMMENTS = YES;
				CLANG_WARN_EMPTY_BODY = YES;
				CLANG_WARN_ENUM_CONVERSION = YES;
				CLANG_WARN_INFINITE_RECURSION = YES;
				CLANG_WARN_INT_CONVERSION = YES;
				CLANG_WARN_NON_LITERAL_NULL_CONVERSION = YES;
				CLANG_WARN_OBJC_IMPLICIT_RETAIN_SELF = YES;
				CLANG_WARN_OBJC_LITERAL_CONVERSION = YES;
				CLANG_WARN_OBJC_ROOT_CLASS = YES_ERROR;
				CLANG_WARN_QUOTED_INCLUDE_IN_FRAMEWORK_HEADER = YES;
				CLANG_WARN_RANGE_LOOP_ANALYSIS = YES;
				CLANG_WARN_STRICT_PROTOTYPES = YES;
				CLANG_WARN_SUSPICIOUS_MOVE = YES;
				CLANG_WARN_UNGUARDED_AVAILABILITY = YES_AGGRESSIVE;
				CLANG_WARN_UNREACHABLE_CODE = YES;
				CLANG_WARN__DUPLICATE_METHOD_MATCH = YES;
				COPY_PHASE_STRIP = NO;
				DEBUG_INFORMATION_FORMAT = dwarf;
				ENABLE_STRICT_OBJC_MSGSEND = YES;
				ENABLE_TESTABILITY = YES;
				GCC_C_LANGUAGE_STANDARD = gnu11;
				GCC_DYNAMIC_NO_PIC = NO;
				GCC_NO_COMMON_BLOCKS = YES;
				GCC_OPTIMIZATION_LEVEL = 0;
				GCC_PREPROCESSOR_DEFINITIONS = (
					"DEBUG=1",
					"$(inherited)",
				);
				GCC_WARN_64_TO_32_BIT_CONVERSION = YES;
				GCC_WARN_ABOUT_RETURN_TYPE = YES_ERROR;
				GCC_WARN_UNDECLARED_SELECTOR = YES;
				GCC_WARN_UNINITIALIZED_AUTOS = YES_AGGRESSIVE;
				GCC_WARN_UNUSED_FUNCTION = YES;
				GCC_WARN_UNUSED_VARIABLE = YES;
				IPHONEOS_DEPLOYMENT_TARGET = 14.3;
				MTL_ENABLE_DEBUG_INFO = INCLUDE_SOURCE;
				MTL_FAST_MATH = YES;
				ONLY_ACTIVE_ARCH = YES;
				SDKROOT = iphoneos;
				SWIFT_ACTIVE_COMPILATION_CONDITIONS = DEBUG;
				SWIFT_OPTIMIZATION_LEVEL = "-Onone";
			};
			name = Debug;
		};
		A32C6558260C557700DC6653 /* Release */ = {
			isa = XCBuildConfiguration;
			buildSettings = {
				ALWAYS_SEARCH_USER_PATHS = NO;
				CLANG_ANALYZER_NONNULL = YES;
				CLANG_ANALYZER_NUMBER_OBJECT_CONVERSION = YES_AGGRESSIVE;
				CLANG_CXX_LANGUAGE_STANDARD = "gnu++14";
				CLANG_CXX_LIBRARY = "libc++";
				CLANG_ENABLE_MODULES = YES;
				CLANG_ENABLE_OBJC_ARC = YES;
				CLANG_ENABLE_OBJC_WEAK = YES;
				CLANG_WARN_BLOCK_CAPTURE_AUTORELEASING = YES;
				CLANG_WARN_BOOL_CONVERSION = YES;
				CLANG_WARN_COMMA = YES;
				CLANG_WARN_CONSTANT_CONVERSION = YES;
				CLANG_WARN_DEPRECATED_OBJC_IMPLEMENTATIONS = YES;
				CLANG_WARN_DIRECT_OBJC_ISA_USAGE = YES_ERROR;
				CLANG_WARN_DOCUMENTATION_COMMENTS = YES;
				CLANG_WARN_EMPTY_BODY = YES;
				CLANG_WARN_ENUM_CONVERSION = YES;
				CLANG_WARN_INFINITE_RECURSION = YES;
				CLANG_WARN_INT_CONVERSION = YES;
				CLANG_WARN_NON_LITERAL_NULL_CONVERSION = YES;
				CLANG_WARN_OBJC_IMPLICIT_RETAIN_SELF = YES;
				CLANG_WARN_OBJC_LITERAL_CONVERSION = YES;
				CLANG_WARN_OBJC_ROOT_CLASS = YES_ERROR;
				CLANG_WARN_QUOTED_INCLUDE_IN_FRAMEWORK_HEADER = YES;
				CLANG_WARN_RANGE_LOOP_ANALYSIS = YES;
				CLANG_WARN_STRICT_PROTOTYPES = YES;
				CLANG_WARN_SUSPICIOUS_MOVE = YES;
				CLANG_WARN_UNGUARDED_AVAILABILITY = YES_AGGRESSIVE;
				CLANG_WARN_UNREACHABLE_CODE = YES;
				CLANG_WARN__DUPLICATE_METHOD_MATCH = YES;
				COPY_PHASE_STRIP = NO;
				DEBUG_INFORMATION_FORMAT = "dwarf-with-dsym";
				ENABLE_NS_ASSERTIONS = NO;
				ENABLE_STRICT_OBJC_MSGSEND = YES;
				GCC_C_LANGUAGE_STANDARD = gnu11;
				GCC_NO_COMMON_BLOCKS = YES;
				GCC_WARN_64_TO_32_BIT_CONVERSION = YES;
				GCC_WARN_ABOUT_RETURN_TYPE = YES_ERROR;
				GCC_WARN_UNDECLARED_SELECTOR = YES;
				GCC_WARN_UNINITIALIZED_AUTOS = YES_AGGRESSIVE;
				GCC_WARN_UNUSED_FUNCTION = YES;
				GCC_WARN_UNUSED_VARIABLE = YES;
				IPHONEOS_DEPLOYMENT_TARGET = 14.3;
				MTL_ENABLE_DEBUG_INFO = NO;
				MTL_FAST_MATH = YES;
				SDKROOT = iphoneos;
				SWIFT_COMPILATION_MODE = wholemodule;
				SWIFT_OPTIMIZATION_LEVEL = "-O";
				VALIDATE_PRODUCT = YES;
			};
			name = Release;
		};
		A32C655A260C557700DC6653 /* Debug */ = {
			isa = XCBuildConfiguration;
			baseConfigurationReference = 6E54ACEAAC3ACCB78AEAEE1A /* Pods-Keep.debug.xcconfig */;
			buildSettings = {
				ASSETCATALOG_COMPILER_APPICON_NAME = AppIcon;
				CODE_SIGN_ENTITLEMENTS = Passs/Passs.entitlements;
				CODE_SIGN_IDENTITY = "Apple Development";
				CODE_SIGN_STYLE = Automatic;
				DEVELOPMENT_TEAM = 3YK694S6H3;
				FRAMEWORK_SEARCH_PATHS = "$(inherited)";
				INFOPLIST_FILE = Passs/Info.plist;
				IPHONEOS_DEPLOYMENT_TARGET = 13.0;
				LD_RUNPATH_SEARCH_PATHS = (
					"$(inherited)",
					"@executable_path/Frameworks",
				);
				PRODUCT_BUNDLE_IDENTIFIER = com.sw1.dftest;
				PRODUCT_NAME = "$(TARGET_NAME)";
				PROVISIONING_PROFILE_SPECIFIER = "";
				SUPPORTS_MAC_DESIGNED_FOR_IPHONE_IPAD = NO;
				SWIFT_VERSION = 5.0;
				TARGETED_DEVICE_FAMILY = "1,2";
			};
			name = Debug;
		};
		A32C655B260C557700DC6653 /* Release */ = {
			isa = XCBuildConfiguration;
			baseConfigurationReference = 984E7C4E3E0B69E504BC960D /* Pods-Keep.release.xcconfig */;
			buildSettings = {
				ASSETCATALOG_COMPILER_APPICON_NAME = AppIcon;
				CODE_SIGN_ENTITLEMENTS = Passs/Passs.entitlements;
				CODE_SIGN_IDENTITY = "Apple Development";
				CODE_SIGN_STYLE = Automatic;
				DEVELOPMENT_TEAM = 3YK694S6H3;
				FRAMEWORK_SEARCH_PATHS = "$(inherited)";
				INFOPLIST_FILE = Passs/Info.plist;
				IPHONEOS_DEPLOYMENT_TARGET = 13.0;
				LD_RUNPATH_SEARCH_PATHS = (
					"$(inherited)",
					"@executable_path/Frameworks",
				);
				PRODUCT_BUNDLE_IDENTIFIER = com.sw1.dftest;
				PRODUCT_NAME = "$(TARGET_NAME)";
				PROVISIONING_PROFILE_SPECIFIER = "";
				SUPPORTS_MAC_DESIGNED_FOR_IPHONE_IPAD = NO;
				SWIFT_VERSION = 5.0;
				TARGETED_DEVICE_FAMILY = "1,2";
			};
			name = Release;
		};
		A3B5E33A27AEA7340061CAC6 /* Debug */ = {
			isa = XCBuildConfiguration;
			baseConfigurationReference = 69039581FF5D2E799B3EA7B8 /* Pods-CredentialProvider.debug.xcconfig */;
			buildSettings = {
				CLANG_CXX_LANGUAGE_STANDARD = "gnu++17";
				CODE_SIGN_ENTITLEMENTS = CredentialProvider/CredentialProvider.entitlements;
				CODE_SIGN_STYLE = Automatic;
				CURRENT_PROJECT_VERSION = 1;
				DEVELOPMENT_TEAM = 3YK694S6H3;
				GENERATE_INFOPLIST_FILE = YES;
				INFOPLIST_FILE = CredentialProvider/Info.plist;
				INFOPLIST_KEY_CFBundleDisplayName = CredentialProvider;
				INFOPLIST_KEY_NSHumanReadableCopyright = "";
				IPHONEOS_DEPLOYMENT_TARGET = 13.0;
				LD_RUNPATH_SEARCH_PATHS = (
					"$(inherited)",
					"@executable_path/Frameworks",
					"@executable_path/../../Frameworks",
				);
				MARKETING_VERSION = 1.0;
				PRODUCT_BUNDLE_IDENTIFIER = com.sw1.dftest.ff;
				PRODUCT_NAME = "$(TARGET_NAME)";
				SKIP_INSTALL = YES;
				SWIFT_ACTIVE_COMPILATION_CONDITIONS = "DEBUG CREDENTIALS_PROVIDER_EXTENSION";
				SWIFT_EMIT_LOC_STRINGS = YES;
				SWIFT_VERSION = 5.0;
				TARGETED_DEVICE_FAMILY = "1,2";
			};
			name = Debug;
		};
		A3B5E33B27AEA7340061CAC6 /* Release */ = {
			isa = XCBuildConfiguration;
			baseConfigurationReference = A5FA10701D7AA8184255F37D /* Pods-CredentialProvider.release.xcconfig */;
			buildSettings = {
				CLANG_CXX_LANGUAGE_STANDARD = "gnu++17";
				CODE_SIGN_ENTITLEMENTS = CredentialProvider/CredentialProvider.entitlements;
				CODE_SIGN_STYLE = Automatic;
				CURRENT_PROJECT_VERSION = 1;
				DEVELOPMENT_TEAM = 3YK694S6H3;
				GENERATE_INFOPLIST_FILE = YES;
				INFOPLIST_FILE = CredentialProvider/Info.plist;
				INFOPLIST_KEY_CFBundleDisplayName = CredentialProvider;
				INFOPLIST_KEY_NSHumanReadableCopyright = "";
				IPHONEOS_DEPLOYMENT_TARGET = 13.0;
				LD_RUNPATH_SEARCH_PATHS = (
					"$(inherited)",
					"@executable_path/Frameworks",
					"@executable_path/../../Frameworks",
				);
				MARKETING_VERSION = 1.0;
				PRODUCT_BUNDLE_IDENTIFIER = com.sw1.dftest.ff;
				PRODUCT_NAME = "$(TARGET_NAME)";
				SKIP_INSTALL = YES;
				SWIFT_ACTIVE_COMPILATION_CONDITIONS = CREDENTIALS_PROVIDER_EXTENSION;
				SWIFT_EMIT_LOC_STRINGS = YES;
				SWIFT_VERSION = 5.0;
				TARGETED_DEVICE_FAMILY = "1,2";
			};
			name = Release;
		};
/* End XCBuildConfiguration section */

/* Begin XCConfigurationList section */
		A318424D2721D69200786744 /* Build configuration list for PBXNativeTarget "PasssTests" */ = {
			isa = XCConfigurationList;
			buildConfigurations = (
				A318424B2721D69200786744 /* Debug */,
				A318424C2721D69200786744 /* Release */,
			);
			defaultConfigurationIsVisible = 0;
			defaultConfigurationName = Release;
		};
		A32C6540260C557200DC6653 /* Build configuration list for PBXProject "Passs" */ = {
			isa = XCConfigurationList;
			buildConfigurations = (
				A32C6557260C557700DC6653 /* Debug */,
				A32C6558260C557700DC6653 /* Release */,
			);
			defaultConfigurationIsVisible = 0;
			defaultConfigurationName = Release;
		};
		A32C6559260C557700DC6653 /* Build configuration list for PBXNativeTarget "Keep" */ = {
			isa = XCConfigurationList;
			buildConfigurations = (
				A32C655A260C557700DC6653 /* Debug */,
				A32C655B260C557700DC6653 /* Release */,
			);
			defaultConfigurationIsVisible = 0;
			defaultConfigurationName = Release;
		};
		A3B5E33927AEA7340061CAC6 /* Build configuration list for PBXNativeTarget "CredentialProvider" */ = {
			isa = XCConfigurationList;
			buildConfigurations = (
				A3B5E33A27AEA7340061CAC6 /* Debug */,
				A3B5E33B27AEA7340061CAC6 /* Release */,
			);
			defaultConfigurationIsVisible = 0;
			defaultConfigurationName = Release;
		};
/* End XCConfigurationList section */
	};
	rootObject = A32C653D260C557200DC6653 /* Project object */;
}
