PODS:
  - KeePassKit (1.12):
    - KeePassKit/Core (= 1.12)
  - KeePassKit/Argon2 (1.12)
  - KeePassKit/ChaCha20 (1.12)
  - KeePassKit/Core (1.12):
    - KeePassKit/Argon2
    - KeePassKit/ChaCha20
    - KeePassKit/TwoFish
    - KissXML (= 5.2.3)
  - KeePassKit/TwoFish (1.12)
  - KissXML (5.2.3)
  - SnapKit (5.6.0)

DEPENDENCIES:
  - KeePassKit (from `https://github.com/fedorov-d/KeePassKit.git`)
  - SnapKit

SPEC REPOS:
  https://github.com/CocoaPods/Specs.git:
    - KissXML
    - SnapKit

EXTERNAL SOURCES:
  KeePassKit:
    :git: https://github.com/fedorov-d/KeePassKit.git
    :submodules: true

CHECKOUT OPTIONS:
  KeePassKit:
    :commit: 22b7078cda52d4b5f8eac2d3916ec8ea2bade277
    :git: https://github.com/fedorov-d/KeePassKit.git
    :submodules: true

SPEC CHECKSUMS:
  KeePassKit: b427619a56f625c42ca462ff394004b6d851d80a
  KissXML: 09f88ff8161fd058d67b70740b8b516687b52823
  SnapKit: e01d52ebb8ddbc333eefe2132acf85c8227d9c25

PODFILE CHECKSUM: f9300b257e3235104059285af8f15e8b7daedf62

COCOAPODS: 1.13.0
