PODS:
  - KeePassKit (1.12):
    - KeePassKit/Core (= 1.12)
  - KeePassKit/Argon2 (1.12)
  - KeePassKit/ChaCha20 (1.12)
  - KeePassKit/Core (1.12):
    - KeePassKit/Argon2
    - KeePassKit/ChaCha20
    - KeePassKit/TwoFish
    - KissXML (= 5.2.3)
  - KeePassKit/TwoFish (1.12)
  - KissXML (5.2.3)
  - SnapKit (5.0.1)

DEPENDENCIES:
  - KeePassKit (from `https://github.com/fedorov-d/KeePassKit.git`)
  - SnapKit

SPEC REPOS:
  https://github.com/CocoaPods/Specs.git:
    - KissXML
    - SnapKit

EXTERNAL SOURCES:
  KeePassKit:
    :git: https://github.com/fedorov-d/KeePassKit.git
    :submodules: true

CHECKOUT OPTIONS:
  KeePassKit:
    :commit: 66dc5db40a90764a2c17625e49be1bb4e46432bc
    :git: https://github.com/fedorov-d/KeePassKit.git
    :submodules: true

SPEC CHECKSUMS:
  KeePassKit: fc2691f05e0eded15240d4ca5140ccf1f6c64828
  KissXML: 09f88ff8161fd058d67b70740b8b516687b52823
  SnapKit: 97b92857e3df3a0c71833cce143274bf6ef8e5eb

PODFILE CHECKSUM: 652d3993c1d65ff0dc15b1ad5bef3ae1d63bea4e

COCOAPODS: 1.11.3
